
Microsoft Visual Studio Solution File, Format Version 12.00
# Visual Studio 14
VisualStudioVersion = 14.0.24720.0
MinimumVisualStudioVersion = 10.0.40219.1
Project("{8BC9CEB8-8B4A-11D0-8D11-00A0C91BC942}") = "Microsoft.HLSClient", "Microsoft.HLSClient\Microsoft.HLSClient.vcxproj", "{5D1B2CA9-C3FF-4997-B91D-2B143C250042}"
EndProject
Project("{FAE04EC0-301F-11D3-BF4B-00C04F79EFBC}") = "Microsoft.HLSClient.Setup", "Microsoft.HLSClient.Setup\Microsoft.HLSClient.Setup.csproj", "{58D1E247-E45A-49EC-86D4-735641265746}"
EndProject
Project("{2150E333-8FDC-42A3-9474-1A3956D46DE8}") = "Samples", "Samples", "{F14F6CA6-8473-40EC-B6F7-976C60B43960}"
EndProject
Project("{FAE04EC0-301F-11D3-BF4B-00C04F79EFBC}") = "HLSStreamMonitor", "..\..\Samples\Windows10\HLSStreamMonitor\HLSStreamMonitor.csproj", "{028A0A32-C1CD-4AAE-A894-37370BF3C9F4}"
EndProject
Global
	GlobalSection(SolutionConfigurationPlatforms) = preSolution
		Debug|Any CPU = Debug|Any CPU
		Debug|ARM = Debug|ARM
		Debug|x64 = Debug|x64
		Debug|x86 = Debug|x86
		Release|Any CPU = Release|Any CPU
		Release|ARM = Release|ARM
		Release|x64 = Release|x64
		Release|x86 = Release|x86
	EndGlobalSection
	GlobalSection(ProjectConfigurationPlatforms) = postSolution
		{5D1B2CA9-C3FF-4997-B91D-2B143C250042}.Debug|Any CPU.ActiveCfg = Debug|Win32
		{5D1B2CA9-C3FF-4997-B91D-2B143C250042}.Debug|ARM.ActiveCfg = Debug|ARM
		{5D1B2CA9-C3FF-4997-B91D-2B143C250042}.Debug|ARM.Build.0 = Debug|ARM
		{5D1B2CA9-C3FF-4997-B91D-2B143C250042}.Debug|x64.ActiveCfg = Debug|x64
		{5D1B2CA9-C3FF-4997-B91D-2B143C250042}.Debug|x64.Build.0 = Debug|x64
		{5D1B2CA9-C3FF-4997-B91D-2B143C250042}.Debug|x86.ActiveCfg = Debug|Win32
		{5D1B2CA9-C3FF-4997-B91D-2B143C250042}.Debug|x86.Build.0 = Debug|Win32
		{5D1B2CA9-C3FF-4997-B91D-2B143C250042}.Release|Any CPU.ActiveCfg = Release|Win32
		{5D1B2CA9-C3FF-4997-B91D-2B143C250042}.Release|ARM.ActiveCfg = Release|ARM
		{5D1B2CA9-C3FF-4997-B91D-2B143C250042}.Release|ARM.Build.0 = Release|ARM
		{5D1B2CA9-C3FF-4997-B91D-2B143C250042}.Release|x64.ActiveCfg = Release|x64
		{5D1B2CA9-C3FF-4997-B91D-2B143C250042}.Release|x64.Build.0 = Release|x64
		{5D1B2CA9-C3FF-4997-B91D-2B143C250042}.Release|x86.ActiveCfg = Release|Win32
		{5D1B2CA9-C3FF-4997-B91D-2B143C250042}.Release|x86.Build.0 = Release|Win32
		{58D1E247-E45A-49EC-86D4-735641265746}.Debug|Any CPU.ActiveCfg = Debug|Any CPU
		{58D1E247-E45A-49EC-86D4-735641265746}.Debug|Any CPU.Build.0 = Debug|Any CPU
		{58D1E247-E45A-49EC-86D4-735641265746}.Debug|ARM.ActiveCfg = Debug|Any CPU
		{58D1E247-E45A-49EC-86D4-735641265746}.Debug|ARM.Build.0 = Debug|Any CPU
		{58D1E247-E45A-49EC-86D4-735641265746}.Debug|x64.ActiveCfg = Debug|Any CPU
		{58D1E247-E45A-49EC-86D4-735641265746}.Debug|x64.Build.0 = Debug|Any CPU
		{58D1E247-E45A-49EC-86D4-735641265746}.Debug|x86.ActiveCfg = Debug|Any CPU
		{58D1E247-E45A-49EC-86D4-735641265746}.Debug|x86.Build.0 = Debug|Any CPU
		{58D1E247-E45A-49EC-86D4-735641265746}.Release|Any CPU.ActiveCfg = Release|Any CPU
		{58D1E247-E45A-49EC-86D4-735641265746}.Release|Any CPU.Build.0 = Release|Any CPU
		{58D1E247-E45A-49EC-86D4-735641265746}.Release|ARM.ActiveCfg = Release|Any CPU
		{58D1E247-E45A-49EC-86D4-735641265746}.Release|ARM.Build.0 = Release|Any CPU
		{58D1E247-E45A-49EC-86D4-735641265746}.Release|x64.ActiveCfg = Release|Any CPU
		{58D1E247-E45A-49EC-86D4-735641265746}.Release|x64.Build.0 = Release|Any CPU
		{58D1E247-E45A-49EC-86D4-735641265746}.Release|x86.ActiveCfg = Release|Any CPU
		{58D1E247-E45A-49EC-86D4-735641265746}.Release|x86.Build.0 = Release|Any CPU
		{028A0A32-C1CD-4AAE-A894-37370BF3C9F4}.Debug|Any CPU.ActiveCfg = Debug|x86
		{028A0A32-C1CD-4AAE-A894-37370BF3C9F4}.Debug|ARM.ActiveCfg = Debug|ARM
		{028A0A32-C1CD-4AAE-A894-37370BF3C9F4}.Debug|ARM.Build.0 = Debug|ARM
		{028A0A32-C1CD-4AAE-A894-37370BF3C9F4}.Debug|ARM.Deploy.0 = Debug|ARM
		{028A0A32-C1CD-4AAE-A894-37370BF3C9F4}.Debug|x64.ActiveCfg = Debug|x64
		{028A0A32-C1CD-4AAE-A894-37370BF3C9F4}.Debug|x64.Build.0 = Debug|x64
		{028A0A32-C1CD-4AAE-A894-37370BF3C9F4}.Debug|x64.Deploy.0 = Debug|x64
		{028A0A32-C1CD-4AAE-A894-37370BF3C9F4}.Debug|x86.ActiveCfg = Debug|x86
		{028A0A32-C1CD-4AAE-A894-37370BF3C9F4}.Debug|x86.Build.0 = Debug|x86
		{028A0A32-C1CD-4AAE-A894-37370BF3C9F4}.Debug|x86.Deploy.0 = Debug|x86
		{028A0A32-C1CD-4AAE-A894-37370BF3C9F4}.Release|Any CPU.ActiveCfg = Release|x86
		{028A0A32-C1CD-4AAE-A894-37370BF3C9F4}.Release|ARM.ActiveCfg = Release|ARM
		{028A0A32-C1CD-4AAE-A894-37370BF3C9F4}.Release|ARM.Build.0 = Release|ARM
		{028A0A32-C1CD-4AAE-A894-37370BF3C9F4}.Release|ARM.Deploy.0 = Release|ARM
		{028A0A32-C1CD-4AAE-A894-37370BF3C9F4}.Release|x64.ActiveCfg = Release|x64
		{028A0A32-C1CD-4AAE-A894-37370BF3C9F4}.Release|x64.Build.0 = Release|x64
		{028A0A32-C1CD-4AAE-A894-37370BF3C9F4}.Release|x64.Deploy.0 = Release|x64
		{028A0A32-C1CD-4AAE-A894-37370BF3C9F4}.Release|x86.ActiveCfg = Release|x86
		{028A0A32-C1CD-4AAE-A894-37370BF3C9F4}.Release|x86.Build.0 = Release|x86
		{028A0A32-C1CD-4AAE-A894-37370BF3C9F4}.Release|x86.Deploy.0 = Release|x86
	EndGlobalSection
	GlobalSection(SolutionProperties) = preSolution
		HideSolutionNode = FALSE
	EndGlobalSection
	GlobalSection(NestedProjects) = preSolution
		{028A0A32-C1CD-4AAE-A894-37370BF3C9F4} = {F14F6CA6-8473-40EC-B6F7-976C60B43960}
	EndGlobalSection
EndGlobal
