
Microsoft Visual Studio Solution File, Format Version 12.00
# Visual Studio 14
VisualStudioVersion = 14.0.22823.1
MinimumVisualStudioVersion = 10.0.40219.1
Project("{8BC9CEB8-8B4A-11D0-8D11-00A0C91BC942}") = "Microsoft.HLSClient", "Microsoft.HLSClient\Microsoft.HLSClient.vcxproj", "{5D1B2CA9-C3FF-4997-B91D-2B143C250042}"
EndProject
Project("{FAE04EC0-301F-11D3-BF4B-00C04F79EFBC}") = "Microsoft.HLSClient.Setup", "Microsoft.HLSClient.Setup\Microsoft.HLSClient.Setup.csproj", "{58D1E247-E45A-49EC-86D4-735641265746}"
EndProject
Project("{2150E333-8FDC-42A3-9474-1A3956D46DE8}") = "Samples", "Samples", "{F14F6CA6-8473-40EC-B6F7-976C60B43960}"
EndProject
Project("{2150E333-8FDC-42A3-9474-1A3956D46DE8}") = "PlayerFramework", "PlayerFramework", "{E21FD211-F524-4818-9724-7B128459B040}"
EndProject
Project("{FAE04EC0-301F-11D3-BF4B-00C04F79EFBC}") = "MSHLS.PF.XAML", "PlayerFramework\MSHLS.PF.XAML\MSHLS.PF.XAML.csproj", "{2873D363-DBD3-4FC2-BC60-48EBE806C6C2}"
EndProject
Project("{8BC9CEB8-8B4A-11D0-8D11-00A0C91BC942}") = "Microsoft.CC608", "PlayerFramework\Microsoft.CC608\Microsoft.CC608.vcxproj", "{7739E46E-9BF4-4908-9583-3B3F3D3638D5}"
EndProject
Project("{2150E333-8FDC-42A3-9474-1A3956D46DE8}") = "Samples", "Samples", "{F9226EB8-BB5D-4AB3-8E64-1001AFA34368}"
EndProject
Project("{FAE04EC0-301F-11D3-BF4B-00C04F79EFBC}") = "MSHLS.PF.XAML.Sample", "PlayerFramework\Samples\MSHLS.PF.XAML.Sample\MSHLS.PF.XAML.Sample.csproj", "{80AD52A9-0887-487C-A4DC-B16E2C368D3D}"
EndProject
Global
	GlobalSection(SolutionConfigurationPlatforms) = preSolution
		Debug|Any CPU = Debug|Any CPU
		Debug|ARM = Debug|ARM
		Debug|x64 = Debug|x64
		Debug|x86 = Debug|x86
		Release|Any CPU = Release|Any CPU
		Release|ARM = Release|ARM
		Release|x64 = Release|x64
		Release|x86 = Release|x86
	EndGlobalSection
	GlobalSection(ProjectConfigurationPlatforms) = postSolution
		{5D1B2CA9-C3FF-4997-B91D-2B143C250042}.Debug|Any CPU.ActiveCfg = Debug|Win32
		{5D1B2CA9-C3FF-4997-B91D-2B143C250042}.Debug|ARM.ActiveCfg = Debug|ARM
		{5D1B2CA9-C3FF-4997-B91D-2B143C250042}.Debug|ARM.Build.0 = Debug|ARM
		{5D1B2CA9-C3FF-4997-B91D-2B143C250042}.Debug|x64.ActiveCfg = Debug|x64
		{5D1B2CA9-C3FF-4997-B91D-2B143C250042}.Debug|x64.Build.0 = Debug|x64
		{5D1B2CA9-C3FF-4997-B91D-2B143C250042}.Debug|x86.ActiveCfg = Debug|Win32
		{5D1B2CA9-C3FF-4997-B91D-2B143C250042}.Debug|x86.Build.0 = Debug|Win32
		{5D1B2CA9-C3FF-4997-B91D-2B143C250042}.Release|Any CPU.ActiveCfg = Release|Win32
		{5D1B2CA9-C3FF-4997-B91D-2B143C250042}.Release|ARM.ActiveCfg = Release|ARM
		{5D1B2CA9-C3FF-4997-B91D-2B143C250042}.Release|ARM.Build.0 = Release|ARM
		{5D1B2CA9-C3FF-4997-B91D-2B143C250042}.Release|x64.ActiveCfg = Release|x64
		{5D1B2CA9-C3FF-4997-B91D-2B143C250042}.Release|x64.Build.0 = Release|x64
		{5D1B2CA9-C3FF-4997-B91D-2B143C250042}.Release|x86.ActiveCfg = Release|Win32
		{5D1B2CA9-C3FF-4997-B91D-2B143C250042}.Release|x86.Build.0 = Release|Win32
		{58D1E247-E45A-49EC-86D4-735641265746}.Debug|Any CPU.ActiveCfg = Debug|Any CPU
		{58D1E247-E45A-49EC-86D4-735641265746}.Debug|Any CPU.Build.0 = Debug|Any CPU
		{58D1E247-E45A-49EC-86D4-735641265746}.Debug|ARM.ActiveCfg = Debug|Any CPU
		{58D1E247-E45A-49EC-86D4-735641265746}.Debug|ARM.Build.0 = Debug|Any CPU
		{58D1E247-E45A-49EC-86D4-735641265746}.Debug|x64.ActiveCfg = Debug|Any CPU
		{58D1E247-E45A-49EC-86D4-735641265746}.Debug|x64.Build.0 = Debug|Any CPU
		{58D1E247-E45A-49EC-86D4-735641265746}.Debug|x86.ActiveCfg = Debug|Any CPU
		{58D1E247-E45A-49EC-86D4-735641265746}.Debug|x86.Build.0 = Debug|Any CPU
		{58D1E247-E45A-49EC-86D4-735641265746}.Release|Any CPU.ActiveCfg = Release|Any CPU
		{58D1E247-E45A-49EC-86D4-735641265746}.Release|Any CPU.Build.0 = Release|Any CPU
		{58D1E247-E45A-49EC-86D4-735641265746}.Release|ARM.ActiveCfg = Release|Any CPU
		{58D1E247-E45A-49EC-86D4-735641265746}.Release|ARM.Build.0 = Release|Any CPU
		{58D1E247-E45A-49EC-86D4-735641265746}.Release|x64.ActiveCfg = Release|Any CPU
		{58D1E247-E45A-49EC-86D4-735641265746}.Release|x64.Build.0 = Release|Any CPU
		{58D1E247-E45A-49EC-86D4-735641265746}.Release|x86.ActiveCfg = Release|Any CPU
		{58D1E247-E45A-49EC-86D4-735641265746}.Release|x86.Build.0 = Release|Any CPU
		{2873D363-DBD3-4FC2-BC60-48EBE806C6C2}.Debug|Any CPU.ActiveCfg = Debug|Any CPU
		{2873D363-DBD3-4FC2-BC60-48EBE806C6C2}.Debug|Any CPU.Build.0 = Debug|Any CPU
		{2873D363-DBD3-4FC2-BC60-48EBE806C6C2}.Debug|ARM.ActiveCfg = Debug|ARM
		{2873D363-DBD3-4FC2-BC60-48EBE806C6C2}.Debug|ARM.Build.0 = Debug|ARM
		{2873D363-DBD3-4FC2-BC60-48EBE806C6C2}.Debug|x64.ActiveCfg = Debug|x64
		{2873D363-DBD3-4FC2-BC60-48EBE806C6C2}.Debug|x64.Build.0 = Debug|x64
		{2873D363-DBD3-4FC2-BC60-48EBE806C6C2}.Debug|x86.ActiveCfg = Debug|x86
		{2873D363-DBD3-4FC2-BC60-48EBE806C6C2}.Debug|x86.Build.0 = Debug|x86
		{2873D363-DBD3-4FC2-BC60-48EBE806C6C2}.Release|Any CPU.ActiveCfg = Release|Any CPU
		{2873D363-DBD3-4FC2-BC60-48EBE806C6C2}.Release|Any CPU.Build.0 = Release|Any CPU
		{2873D363-DBD3-4FC2-BC60-48EBE806C6C2}.Release|ARM.ActiveCfg = Release|ARM
		{2873D363-DBD3-4FC2-BC60-48EBE806C6C2}.Release|ARM.Build.0 = Release|ARM
		{2873D363-DBD3-4FC2-BC60-48EBE806C6C2}.Release|x64.ActiveCfg = Release|x64
		{2873D363-DBD3-4FC2-BC60-48EBE806C6C2}.Release|x64.Build.0 = Release|x64
		{2873D363-DBD3-4FC2-BC60-48EBE806C6C2}.Release|x86.ActiveCfg = Release|x86
		{2873D363-DBD3-4FC2-BC60-48EBE806C6C2}.Release|x86.Build.0 = Release|x86
		{7739E46E-9BF4-4908-9583-3B3F3D3638D5}.Debug|Any CPU.ActiveCfg = Debug|Win32
		{7739E46E-9BF4-4908-9583-3B3F3D3638D5}.Debug|ARM.ActiveCfg = Debug|ARM
		{7739E46E-9BF4-4908-9583-3B3F3D3638D5}.Debug|ARM.Build.0 = Debug|ARM
		{7739E46E-9BF4-4908-9583-3B3F3D3638D5}.Debug|x64.ActiveCfg = Debug|x64
		{7739E46E-9BF4-4908-9583-3B3F3D3638D5}.Debug|x64.Build.0 = Debug|x64
		{7739E46E-9BF4-4908-9583-3B3F3D3638D5}.Debug|x86.ActiveCfg = Debug|Win32
		{7739E46E-9BF4-4908-9583-3B3F3D3638D5}.Debug|x86.Build.0 = Debug|Win32
		{7739E46E-9BF4-4908-9583-3B3F3D3638D5}.Release|Any CPU.ActiveCfg = Release|Win32
		{7739E46E-9BF4-4908-9583-3B3F3D3638D5}.Release|ARM.ActiveCfg = Release|ARM
		{7739E46E-9BF4-4908-9583-3B3F3D3638D5}.Release|ARM.Build.0 = Release|ARM
		{7739E46E-9BF4-4908-9583-3B3F3D3638D5}.Release|x64.ActiveCfg = Release|x64
		{7739E46E-9BF4-4908-9583-3B3F3D3638D5}.Release|x64.Build.0 = Release|x64
		{7739E46E-9BF4-4908-9583-3B3F3D3638D5}.Release|x86.ActiveCfg = Release|Win32
		{7739E46E-9BF4-4908-9583-3B3F3D3638D5}.Release|x86.Build.0 = Release|Win32
		{80AD52A9-0887-487C-A4DC-B16E2C368D3D}.Debug|Any CPU.ActiveCfg = Debug|x86
		{80AD52A9-0887-487C-A4DC-B16E2C368D3D}.Debug|ARM.ActiveCfg = Debug|ARM
		{80AD52A9-0887-487C-A4DC-B16E2C368D3D}.Debug|ARM.Build.0 = Debug|ARM
		{80AD52A9-0887-487C-A4DC-B16E2C368D3D}.Debug|ARM.Deploy.0 = Debug|ARM
		{80AD52A9-0887-487C-A4DC-B16E2C368D3D}.Debug|x64.ActiveCfg = Debug|x64
		{80AD52A9-0887-487C-A4DC-B16E2C368D3D}.Debug|x64.Build.0 = Debug|x64
		{80AD52A9-0887-487C-A4DC-B16E2C368D3D}.Debug|x64.Deploy.0 = Debug|x64
		{80AD52A9-0887-487C-A4DC-B16E2C368D3D}.Debug|x86.ActiveCfg = Debug|x86
		{80AD52A9-0887-487C-A4DC-B16E2C368D3D}.Debug|x86.Build.0 = Debug|x86
		{80AD52A9-0887-487C-A4DC-B16E2C368D3D}.Debug|x86.Deploy.0 = Debug|x86
		{80AD52A9-0887-487C-A4DC-B16E2C368D3D}.Release|Any CPU.ActiveCfg = Release|x86
		{80AD52A9-0887-487C-A4DC-B16E2C368D3D}.Release|ARM.ActiveCfg = Release|ARM
		{80AD52A9-0887-487C-A4DC-B16E2C368D3D}.Release|ARM.Build.0 = Release|ARM
		{80AD52A9-0887-487C-A4DC-B16E2C368D3D}.Release|ARM.Deploy.0 = Release|ARM
		{80AD52A9-0887-487C-A4DC-B16E2C368D3D}.Release|x64.ActiveCfg = Release|x64
		{80AD52A9-0887-487C-A4DC-B16E2C368D3D}.Release|x64.Build.0 = Release|x64
		{80AD52A9-0887-487C-A4DC-B16E2C368D3D}.Release|x64.Deploy.0 = Release|x64
		{80AD52A9-0887-487C-A4DC-B16E2C368D3D}.Release|x86.ActiveCfg = Release|x86
		{80AD52A9-0887-487C-A4DC-B16E2C368D3D}.Release|x86.Build.0 = Release|x86
		{80AD52A9-0887-487C-A4DC-B16E2C368D3D}.Release|x86.Deploy.0 = Release|x86
	EndGlobalSection
	GlobalSection(SolutionProperties) = preSolution
		HideSolutionNode = FALSE
	EndGlobalSection
	GlobalSection(NestedProjects) = preSolution
		{2873D363-DBD3-4FC2-BC60-48EBE806C6C2} = {E21FD211-F524-4818-9724-7B128459B040}
		{7739E46E-9BF4-4908-9583-3B3F3D3638D5} = {E21FD211-F524-4818-9724-7B128459B040}
		{F9226EB8-BB5D-4AB3-8E64-1001AFA34368} = {E21FD211-F524-4818-9724-7B128459B040}
		{80AD52A9-0887-487C-A4DC-B16E2C368D3D} = {F9226EB8-BB5D-4AB3-8E64-1001AFA34368}
	EndGlobalSection
EndGlobal
