<?xml version="1.0" encoding="utf-8"?>
<Project ToolsVersion="14.0" xmlns="http://schemas.microsoft.com/developer/msbuild/2003">
  <ItemGroup>
    <Filter Include="Resources">
      <UniqueIdentifier>c289be83-e707-437f-a200-6161278f1980</UniqueIdentifier>
      <Extensions>rc;ico;cur;bmp;dlg;rc2;rct;bin;rgs;gif;jpg;jpeg;jpe;resx;tga;tiff;tif;png;wav;mfcribbon-ms</Extensions>
    </Filter>
    <Filter Include="ABI">
      <UniqueIdentifier>{205f2c65-0a8d-4662-8509-6e36bee61d26}</UniqueIdentifier>
    </Filter>
    <Filter Include="Adaptive">
      <UniqueIdentifier>{29c2b1aa-1d97-4318-838a-7c7af8d2c0e4}</UniqueIdentifier>
    </Filter>
    <Filter Include="AVCParser">
      <UniqueIdentifier>{70b3ced9-bfcd-4adb-b093-647fcd724d95}</UniqueIdentifier>
    </Filter>
    <Filter Include="Configuration">
      <UniqueIdentifier>{32a74f1e-a5f4-4bab-a527-1547ce7287de}</UniqueIdentifier>
    </Filter>
    <Filter Include="Crypto">
      <UniqueIdentifier>{9be7e192-ec1c-4b2b-b4c1-3e2c2537da2a}</UniqueIdentifier>
    </Filter>
    <Filter Include="Downloader">
      <UniqueIdentifier>{3d8ac48e-3f5c-426d-95da-497940031415}</UniqueIdentifier>
    </Filter>
    <Filter Include="MFTypes">
      <UniqueIdentifier>{8cd4c6a5-4947-4a1f-9592-a4917ade4583}</UniqueIdentifier>
    </Filter>
    <Filter Include="MP3HeaderParser">
      <UniqueIdentifier>{211b659e-9b3b-4c23-b809-2e6a2609a63e}</UniqueIdentifier>
    </Filter>
    <Filter Include="Playlist Object Model">
      <UniqueIdentifier>{1af27c09-e56f-427b-bc9e-434c3c2cd804}</UniqueIdentifier>
    </Filter>
    <Filter Include="Transport Stream Object Model">
      <UniqueIdentifier>{3de037a9-be55-4ed1-a498-1dbd5929a6f3}</UniqueIdentifier>
    </Filter>
    <Filter Include="Utilities">
      <UniqueIdentifier>{89ecbcb7-f9a3-486a-9d82-9177ac746c6f}</UniqueIdentifier>
    </Filter>
  </ItemGroup>
  <ItemGroup>
    <ClCompile Include="pch.cpp" />
    <ClCompile Include="..\..\Shared\HLSAlternateRendition.cpp">
      <Filter>ABI</Filter>
    </ClCompile>
    <ClCompile Include="..\..\Shared\HLSController.cpp">
      <Filter>ABI</Filter>
    </ClCompile>
    <ClCompile Include="..\..\Shared\HLSControllerFactory.cpp">
      <Filter>ABI</Filter>
    </ClCompile>
    <ClCompile Include="..\..\Shared\HLSID3MetadataPayload.cpp">
      <Filter>ABI</Filter>
    </ClCompile>
    <ClCompile Include="..\..\Shared\HLSPlaylist.cpp">
      <Filter>ABI</Filter>
    </ClCompile>
    <ClCompile Include="..\..\Shared\HLSSegment.cpp">
      <Filter>ABI</Filter>
    </ClCompile>
    <ClCompile Include="..\..\Shared\HLSVariantStream.cpp">
      <Filter>ABI</Filter>
    </ClCompile>
    <ClCompile Include="..\..\Shared\AdaptiveHeuristics.cpp">
      <Filter>Adaptive</Filter>
    </ClCompile>
    <ClCompile Include="..\..\Shared\AVCParser.cpp">
      <Filter>AVCParser</Filter>
    </ClCompile>
    <ClCompile Include="..\..\Shared\Configuration.cpp">
      <Filter>Configuration</Filter>
    </ClCompile>
    <ClCompile Include="..\..\Shared\AESCrypto.cpp">
      <Filter>Crypto</Filter>
    </ClCompile>
    <ClCompile Include="..\..\Shared\ContentDownloader.cpp">
      <Filter>Downloader</Filter>
    </ClCompile>
    <ClCompile Include="..\..\Shared\ContentDownloadRegistry.cpp">
      <Filter>Downloader</Filter>
    </ClCompile>
    <ClCompile Include="..\..\Shared\HLSMediaSource.cpp">
      <Filter>MFTypes</Filter>
    </ClCompile>
    <ClCompile Include="..\..\Shared\HLSPlaylistHandler.cpp">
      <Filter>MFTypes</Filter>
    </ClCompile>
    <ClCompile Include="..\..\Shared\MFAudioStream.cpp">
      <Filter>MFTypes</Filter>
    </ClCompile>
    <ClCompile Include="..\..\Shared\MFStreamCommonImpl.cpp">
      <Filter>MFTypes</Filter>
    </ClCompile>
    <ClCompile Include="..\..\Shared\MFVideoStream.cpp">
      <Filter>MFTypes</Filter>
    </ClCompile>
    <ClCompile Include="..\..\Shared\MP3HeaderParser.cpp">
      <Filter>MP3HeaderParser</Filter>
    </ClCompile>
    <ClCompile Include="..\..\Shared\FileLogger.cpp">
      <Filter>Utilities</Filter>
    </ClCompile>
    <ClCompile Include="..\..\Shared\EncryptionKey.cpp">
      <Filter>Playlist Object Model</Filter>
    </ClCompile>
    <ClCompile Include="..\..\Shared\MediaSegment.cpp">
      <Filter>Playlist Object Model</Filter>
    </ClCompile>
    <ClCompile Include="..\..\Shared\Playlist.cpp">
      <Filter>Playlist Object Model</Filter>
    </ClCompile>
    <ClCompile Include="..\..\Shared\PlaylistHelpers.cpp">
      <Filter>Playlist Object Model</Filter>
    </ClCompile>
    <ClCompile Include="..\..\Shared\Rendition.cpp">
      <Filter>Playlist Object Model</Filter>
    </ClCompile>
    <ClCompile Include="..\..\Shared\StreamInfo.cpp">
      <Filter>Playlist Object Model</Filter>
    </ClCompile>
    <ClCompile Include="..\..\Shared\AdaptationField.cpp">
      <Filter>Transport Stream Object Model</Filter>
    </ClCompile>
    <ClCompile Include="..\..\Shared\PATSection.cpp">
      <Filter>Transport Stream Object Model</Filter>
    </ClCompile>
    <ClCompile Include="..\..\Shared\PESPacket.cpp">
      <Filter>Transport Stream Object Model</Filter>
    </ClCompile>
    <ClCompile Include="..\..\Shared\PMTSection.cpp">
      <Filter>Transport Stream Object Model</Filter>
    </ClCompile>
    <ClCompile Include="..\..\Shared\Timestamp.cpp">
      <Filter>Transport Stream Object Model</Filter>
    </ClCompile>
    <ClCompile Include="..\..\Shared\TransportPacket.cpp">
      <Filter>Transport Stream Object Model</Filter>
    </ClCompile>
    <ClCompile Include="..\..\Shared\TransportStreamParser.cpp">
      <Filter>Transport Stream Object Model</Filter>
    </ClCompile>
  </ItemGroup>
  <ItemGroup>
    <ClInclude Include="pch.h" />
    <ClInclude Include="..\..\Shared\HLSAlternateRendition.h">
      <Filter>ABI</Filter>
    </ClInclude>
    <ClInclude Include="..\..\Shared\HLSBitrateSwitchEventArgs.h">
      <Filter>ABI</Filter>
    </ClInclude>
    <ClInclude Include="..\..\Shared\HLSController.h">
      <Filter>ABI</Filter>
    </ClInclude>
    <ClInclude Include="..\..\Shared\HLSControllerFactory.h">
      <Filter>ABI</Filter>
    </ClInclude>
    <ClInclude Include="..\..\Shared\HLSHttpHeaderEntry.h">
      <Filter>ABI</Filter>
    </ClInclude>
    <ClInclude Include="..\..\Shared\HLSID3MetadataPayload.h">
      <Filter>ABI</Filter>
    </ClInclude>
    <ClInclude Include="..\..\Shared\HLSID3MetadataStream.h">
      <Filter>ABI</Filter>
    </ClInclude>
    <ClInclude Include="..\..\Shared\HLSID3TagFrame.h">
      <Filter>ABI</Filter>
    </ClInclude>
    <ClInclude Include="..\..\Shared\HLSInbandCCPayload.h">
      <Filter>ABI</Filter>
    </ClInclude>
    <ClInclude Include="..\..\Shared\HLSInitialBitrateSelectedEventArgs.h">
      <Filter>ABI</Filter>
    </ClInclude>
    <ClInclude Include="..\..\Shared\HLSPlaylist.h">
      <Filter>ABI</Filter>
    </ClInclude>
    <ClInclude Include="..\..\Shared\HLSResourceRequestEventArgs.h">
      <Filter>ABI</Filter>
    </ClInclude>
    <ClInclude Include="..\..\Shared\HLSSegment.h">
      <Filter>ABI</Filter>
    </ClInclude>
    <ClInclude Include="..\..\Shared\HLSSegmentSwitchEventArgs.h">
      <Filter>ABI</Filter>
    </ClInclude>
    <ClInclude Include="..\..\Shared\HLSSlidingWindow.h">
      <Filter>ABI</Filter>
    </ClInclude>
    <ClInclude Include="..\..\Shared\HLSStreamSelectionChangedEventArgs.h">
      <Filter>ABI</Filter>
    </ClInclude>
    <ClInclude Include="..\..\Shared\HLSSubtitleLocator.h">
      <Filter>ABI</Filter>
    </ClInclude>
    <ClInclude Include="..\..\Shared\HLSVariantStream.h">
      <Filter>ABI</Filter>
    </ClInclude>
    <ClInclude Include="..\..\Shared\Interfaces.h">
      <Filter>ABI</Filter>
    </ClInclude>
    <ClInclude Include="..\..\Shared\AdaptiveHeuristics.h">
      <Filter>Adaptive</Filter>
    </ClInclude>
    <ClInclude Include="..\..\Shared\AVCParser.h">
      <Filter>AVCParser</Filter>
    </ClInclude>
    <ClInclude Include="..\..\Shared\Configuration.h">
      <Filter>Configuration</Filter>
    </ClInclude>
    <ClInclude Include="..\..\Shared\AESCrypto.h">
      <Filter>Crypto</Filter>
    </ClInclude>
    <ClInclude Include="..\..\Shared\ContentDownloader.h">
      <Filter>Downloader</Filter>
    </ClInclude>
    <ClInclude Include="..\..\Shared\ContentDownloadRegistry.h">
      <Filter>Downloader</Filter>
    </ClInclude>
    <ClInclude Include="..\..\Shared\HLSDummyByteStream.h">
      <Filter>MFTypes</Filter>
    </ClInclude>
    <ClInclude Include="..\..\Shared\HLSMediaSource.h">
      <Filter>MFTypes</Filter>
    </ClInclude>
    <ClInclude Include="..\..\Shared\HLSPlaylistHandler.h">
      <Filter>MFTypes</Filter>
    </ClInclude>
    <ClInclude Include="..\..\Shared\MFAudioStream.h">
      <Filter>MFTypes</Filter>
    </ClInclude>
    <ClInclude Include="..\..\Shared\MFStreamCommonImpl.h">
      <Filter>MFTypes</Filter>
    </ClInclude>
    <ClInclude Include="..\..\Shared\MFVideoStream.h">
      <Filter>MFTypes</Filter>
    </ClInclude>
    <ClInclude Include="..\..\Shared\VariableRate.h">
      <Filter>MFTypes</Filter>
    </ClInclude>
    <ClInclude Include="..\..\Shared\MP3HeaderParser.h">
      <Filter>MP3HeaderParser</Filter>
    </ClInclude>
    <ClInclude Include="..\..\Shared\BitOp.h">
      <Filter>Utilities</Filter>
    </ClInclude>
    <ClInclude Include="..\..\Shared\FileLogger.h">
      <Filter>Utilities</Filter>
    </ClInclude>
    <ClInclude Include="..\..\Shared\ID3TagParser.h">
      <Filter>Utilities</Filter>
    </ClInclude>
    <ClInclude Include="..\..\Shared\StopWatch.h">
      <Filter>Utilities</Filter>
    </ClInclude>
    <ClInclude Include="..\..\Shared\TaskRegistry.h">
      <Filter>Utilities</Filter>
    </ClInclude>
    <ClInclude Include="..\..\Shared\Cookie.h">
      <Filter>Playlist Object Model</Filter>
    </ClInclude>
    <ClInclude Include="..\..\Shared\EncryptionKey.h">
      <Filter>Playlist Object Model</Filter>
    </ClInclude>
    <ClInclude Include="..\..\Shared\MediaSegment.h">
      <Filter>Playlist Object Model</Filter>
    </ClInclude>
    <ClInclude Include="..\..\Shared\Playlist.h">
      <Filter>Playlist Object Model</Filter>
    </ClInclude>
    <ClInclude Include="..\..\Shared\PlaylistHelpers.h">
      <Filter>Playlist Object Model</Filter>
    </ClInclude>
    <ClInclude Include="..\..\Shared\PlaylistOM.h">
      <Filter>Playlist Object Model</Filter>
    </ClInclude>
    <ClInclude Include="..\..\Shared\Rendition.h">
      <Filter>Playlist Object Model</Filter>
    </ClInclude>
    <ClInclude Include="..\..\Shared\StreamInfo.h">
      <Filter>Playlist Object Model</Filter>
    </ClInclude>
    <ClInclude Include="..\..\Shared\AdaptationField.h">
      <Filter>Transport Stream Object Model</Filter>
    </ClInclude>
    <ClInclude Include="..\..\Shared\PATSection.h">
      <Filter>Transport Stream Object Model</Filter>
    </ClInclude>
    <ClInclude Include="..\..\Shared\PESPacket.h">
      <Filter>Transport Stream Object Model</Filter>
    </ClInclude>
    <ClInclude Include="..\..\Shared\PMTSection.h">
      <Filter>Transport Stream Object Model</Filter>
    </ClInclude>
    <ClInclude Include="..\..\Shared\SampleData.h">
      <Filter>Transport Stream Object Model</Filter>
    </ClInclude>
    <ClInclude Include="..\..\Shared\Timestamp.h">
      <Filter>Transport Stream Object Model</Filter>
    </ClInclude>
    <ClInclude Include="..\..\Shared\TransportPacket.h">
      <Filter>Transport Stream Object Model</Filter>
    </ClInclude>
    <ClInclude Include="..\..\Shared\TransportStreamParser.h">
      <Filter>Transport Stream Object Model</Filter>
    </ClInclude>
    <ClInclude Include="..\..\Shared\TSConstants.h">
      <Filter>Transport Stream Object Model</Filter>
    </ClInclude>
  </ItemGroup>
</Project>