<?xml version="1.0" encoding="utf-8"?>
<Project ToolsVersion="14.0" xmlns="http://schemas.microsoft.com/developer/msbuild/2003">
  <ItemGroup>
    <Filter Include="Resources">
      <UniqueIdentifier>84a8a716-d438-40b4-ab72-cdfeb8e9a68a</UniqueIdentifier>
      <Extensions>rc;ico;cur;bmp;dlg;rc2;rct;bin;rgs;gif;jpg;jpeg;jpe;resx;tga;tiff;tif;png;wav;mfcribbon-ms</Extensions>
    </Filter>
    <Filter Include="ABI">
      <UniqueIdentifier>{867e2a91-03cb-4cf3-b0d9-bee4d5cede02}</UniqueIdentifier>
    </Filter>
    <Filter Include="AVCParser">
      <UniqueIdentifier>{ce750a50-4178-4450-99f9-c3749f39e7de}</UniqueIdentifier>
    </Filter>
    <Filter Include="Adaptive">
      <UniqueIdentifier>{7ee0485a-6c0d-49c3-a721-bf0b5b7e3221}</UniqueIdentifier>
    </Filter>
    <Filter Include="Configuration">
      <UniqueIdentifier>{8dcdeeec-7bf1-452c-b33e-b7b801137ad9}</UniqueIdentifier>
    </Filter>
    <Filter Include="Crypto">
      <UniqueIdentifier>{5d4911cf-96fe-41f1-b5c3-4af7bf36f942}</UniqueIdentifier>
    </Filter>
    <Filter Include="Downloader">
      <UniqueIdentifier>{3e2d691d-e6a2-491c-899b-ac48c7fdd618}</UniqueIdentifier>
    </Filter>
    <Filter Include="MFTypes">
      <UniqueIdentifier>{4a8d4e56-f909-4b34-847c-73b5f86ed33c}</UniqueIdentifier>
    </Filter>
    <Filter Include="MP3HeaderParser">
      <UniqueIdentifier>{e40ce932-cd47-411d-82e4-1f1edfdd8aa3}</UniqueIdentifier>
    </Filter>
    <Filter Include="Playlist Object Model">
      <UniqueIdentifier>{d3cc6430-842b-4f4f-8433-3f2607e32b83}</UniqueIdentifier>
    </Filter>
    <Filter Include="Transport Stream Object Model">
      <UniqueIdentifier>{f08bb1f6-e27c-4834-9203-abf143a7551c}</UniqueIdentifier>
    </Filter>
    <Filter Include="Utilities">
      <UniqueIdentifier>{371a6487-a7d7-49a1-9474-22766c855c41}</UniqueIdentifier>
    </Filter>
  </ItemGroup>
  <ItemGroup>
    <ClCompile Include="pch.cpp" />
    <ClCompile Include="..\..\Shared\HLSAlternateRendition.cpp">
      <Filter>ABI</Filter>
    </ClCompile>
    <ClCompile Include="..\..\Shared\HLSController.cpp">
      <Filter>ABI</Filter>
    </ClCompile>
    <ClCompile Include="..\..\Shared\HLSControllerFactory.cpp">
      <Filter>ABI</Filter>
    </ClCompile>
    <ClCompile Include="..\..\Shared\HLSID3MetadataPayload.cpp">
      <Filter>ABI</Filter>
    </ClCompile>
    <ClCompile Include="..\..\Shared\HLSPlaylist.cpp">
      <Filter>ABI</Filter>
    </ClCompile>
    <ClCompile Include="..\..\Shared\HLSSegment.cpp">
      <Filter>ABI</Filter>
    </ClCompile>
    <ClCompile Include="..\..\Shared\HLSVariantStream.cpp">
      <Filter>ABI</Filter>
    </ClCompile>
    <ClCompile Include="..\..\Shared\HLSMediaSource.cpp">
      <Filter>MFTypes</Filter>
    </ClCompile>
    <ClCompile Include="..\..\Shared\HLSPlaylistHandler.cpp">
      <Filter>MFTypes</Filter>
    </ClCompile>
    <ClCompile Include="..\..\Shared\MFAudioStream.cpp">
      <Filter>MFTypes</Filter>
    </ClCompile>
    <ClCompile Include="..\..\Shared\MFStreamCommonImpl.cpp">
      <Filter>MFTypes</Filter>
    </ClCompile>
    <ClCompile Include="..\..\Shared\MFVideoStream.cpp">
      <Filter>MFTypes</Filter>
    </ClCompile>
    <ClCompile Include="..\..\Shared\ContentDownloader.cpp">
      <Filter>Downloader</Filter>
    </ClCompile>
    <ClCompile Include="..\..\Shared\ContentDownloadRegistry.cpp">
      <Filter>Downloader</Filter>
    </ClCompile>
    <ClCompile Include="..\..\Shared\AdaptiveHeuristics.cpp">
      <Filter>Adaptive</Filter>
    </ClCompile>
    <ClCompile Include="..\..\Shared\AVCParser.cpp">
      <Filter>AVCParser</Filter>
    </ClCompile>
    <ClCompile Include="..\..\Shared\Configuration.cpp">
      <Filter>Configuration</Filter>
    </ClCompile>
    <ClCompile Include="..\..\Shared\AESCrypto.cpp">
      <Filter>Crypto</Filter>
    </ClCompile>
    <ClCompile Include="..\..\Shared\MP3HeaderParser.cpp">
      <Filter>MP3HeaderParser</Filter>
    </ClCompile>
    <ClCompile Include="..\..\Shared\EncryptionKey.cpp">
      <Filter>Playlist Object Model</Filter>
    </ClCompile>
    <ClCompile Include="..\..\Shared\MediaSegment.cpp">
      <Filter>Playlist Object Model</Filter>
    </ClCompile>
    <ClCompile Include="..\..\Shared\Playlist.cpp">
      <Filter>Playlist Object Model</Filter>
    </ClCompile>
    <ClCompile Include="..\..\Shared\PlaylistHelpers.cpp">
      <Filter>Playlist Object Model</Filter>
    </ClCompile>
    <ClCompile Include="..\..\Shared\Rendition.cpp">
      <Filter>Playlist Object Model</Filter>
    </ClCompile>
    <ClCompile Include="..\..\Shared\StreamInfo.cpp">
      <Filter>Playlist Object Model</Filter>
    </ClCompile>
    <ClCompile Include="..\..\Shared\AdaptationField.cpp">
      <Filter>Transport Stream Object Model</Filter>
    </ClCompile>
    <ClCompile Include="..\..\Shared\PATSection.cpp">
      <Filter>Transport Stream Object Model</Filter>
    </ClCompile>
    <ClCompile Include="..\..\Shared\PESPacket.cpp">
      <Filter>Transport Stream Object Model</Filter>
    </ClCompile>
    <ClCompile Include="..\..\Shared\PMTSection.cpp">
      <Filter>Transport Stream Object Model</Filter>
    </ClCompile>
    <ClCompile Include="..\..\Shared\Timestamp.cpp">
      <Filter>Transport Stream Object Model</Filter>
    </ClCompile>
    <ClCompile Include="..\..\Shared\TransportPacket.cpp">
      <Filter>Transport Stream Object Model</Filter>
    </ClCompile>
    <ClCompile Include="..\..\Shared\TransportStreamParser.cpp">
      <Filter>Transport Stream Object Model</Filter>
    </ClCompile>
    <ClCompile Include="..\..\Shared\FileLogger.cpp">
      <Filter>Utilities</Filter>
    </ClCompile>
  </ItemGroup>
  <ItemGroup>
    <ClInclude Include="pch.h" />
    <ClInclude Include="..\..\Shared\HLSAlternateRendition.h">
      <Filter>ABI</Filter>
    </ClInclude>
    <ClInclude Include="..\..\Shared\HLSBitrateSwitchEventArgs.h">
      <Filter>ABI</Filter>
    </ClInclude>
    <ClInclude Include="..\..\Shared\HLSController.h">
      <Filter>ABI</Filter>
    </ClInclude>
    <ClInclude Include="..\..\Shared\HLSControllerFactory.h">
      <Filter>ABI</Filter>
    </ClInclude>
    <ClInclude Include="..\..\Shared\HLSHttpHeaderEntry.h">
      <Filter>ABI</Filter>
    </ClInclude>
    <ClInclude Include="..\..\Shared\HLSID3MetadataPayload.h">
      <Filter>ABI</Filter>
    </ClInclude>
    <ClInclude Include="..\..\Shared\HLSID3MetadataStream.h">
      <Filter>ABI</Filter>
    </ClInclude>
    <ClInclude Include="..\..\Shared\HLSID3TagFrame.h">
      <Filter>ABI</Filter>
    </ClInclude>
    <ClInclude Include="..\..\Shared\HLSInbandCCPayload.h">
      <Filter>ABI</Filter>
    </ClInclude>
    <ClInclude Include="..\..\Shared\HLSInitialBitrateSelectedEventArgs.h">
      <Filter>ABI</Filter>
    </ClInclude>
    <ClInclude Include="..\..\Shared\HLSPlaylist.h">
      <Filter>ABI</Filter>
    </ClInclude>
    <ClInclude Include="..\..\Shared\HLSResourceRequestEventArgs.h">
      <Filter>ABI</Filter>
    </ClInclude>
    <ClInclude Include="..\..\Shared\HLSSegment.h">
      <Filter>ABI</Filter>
    </ClInclude>
    <ClInclude Include="..\..\Shared\HLSSegmentSwitchEventArgs.h">
      <Filter>ABI</Filter>
    </ClInclude>
    <ClInclude Include="..\..\Shared\HLSSlidingWindow.h">
      <Filter>ABI</Filter>
    </ClInclude>
    <ClInclude Include="..\..\Shared\HLSStreamSelectionChangedEventArgs.h">
      <Filter>ABI</Filter>
    </ClInclude>
    <ClInclude Include="..\..\Shared\HLSSubtitleLocator.h">
      <Filter>ABI</Filter>
    </ClInclude>
    <ClInclude Include="..\..\Shared\HLSVariantStream.h">
      <Filter>ABI</Filter>
    </ClInclude>
    <ClInclude Include="..\..\Shared\Interfaces.h">
      <Filter>ABI</Filter>
    </ClInclude>
    <ClInclude Include="..\..\Shared\HLSDummyByteStream.h">
      <Filter>MFTypes</Filter>
    </ClInclude>
    <ClInclude Include="..\..\Shared\HLSMediaSource.h">
      <Filter>MFTypes</Filter>
    </ClInclude>
    <ClInclude Include="..\..\Shared\HLSPlaylistHandler.h">
      <Filter>MFTypes</Filter>
    </ClInclude>
    <ClInclude Include="..\..\Shared\MFAudioStream.h">
      <Filter>MFTypes</Filter>
    </ClInclude>
    <ClInclude Include="..\..\Shared\MFStreamCommonImpl.h">
      <Filter>MFTypes</Filter>
    </ClInclude>
    <ClInclude Include="..\..\Shared\MFVideoStream.h">
      <Filter>MFTypes</Filter>
    </ClInclude>
    <ClInclude Include="..\..\Shared\VariableRate.h">
      <Filter>MFTypes</Filter>
    </ClInclude>
    <ClInclude Include="..\..\Shared\ContentDownloader.h">
      <Filter>Downloader</Filter>
    </ClInclude>
    <ClInclude Include="..\..\Shared\ContentDownloadRegistry.h">
      <Filter>Downloader</Filter>
    </ClInclude>
    <ClInclude Include="..\..\Shared\AdaptiveHeuristics.h">
      <Filter>Adaptive</Filter>
    </ClInclude>
    <ClInclude Include="..\..\Shared\AVCParser.h">
      <Filter>AVCParser</Filter>
    </ClInclude>
    <ClInclude Include="..\..\Shared\Configuration.h">
      <Filter>Configuration</Filter>
    </ClInclude>
    <ClInclude Include="..\..\Shared\AESCrypto.h">
      <Filter>Crypto</Filter>
    </ClInclude>
    <ClInclude Include="..\..\Shared\MP3HeaderParser.h">
      <Filter>MP3HeaderParser</Filter>
    </ClInclude>
    <ClInclude Include="..\..\Shared\Cookie.h">
      <Filter>Playlist Object Model</Filter>
    </ClInclude>
    <ClInclude Include="..\..\Shared\EncryptionKey.h">
      <Filter>Playlist Object Model</Filter>
    </ClInclude>
    <ClInclude Include="..\..\Shared\MediaSegment.h">
      <Filter>Playlist Object Model</Filter>
    </ClInclude>
    <ClInclude Include="..\..\Shared\Playlist.h">
      <Filter>Playlist Object Model</Filter>
    </ClInclude>
    <ClInclude Include="..\..\Shared\PlaylistHelpers.h">
      <Filter>Playlist Object Model</Filter>
    </ClInclude>
    <ClInclude Include="..\..\Shared\PlaylistOM.h">
      <Filter>Playlist Object Model</Filter>
    </ClInclude>
    <ClInclude Include="..\..\Shared\Rendition.h">
      <Filter>Playlist Object Model</Filter>
    </ClInclude>
    <ClInclude Include="..\..\Shared\StreamInfo.h">
      <Filter>Playlist Object Model</Filter>
    </ClInclude>
    <ClInclude Include="..\..\Shared\AdaptationField.h">
      <Filter>Transport Stream Object Model</Filter>
    </ClInclude>
    <ClInclude Include="..\..\Shared\PATSection.h">
      <Filter>Transport Stream Object Model</Filter>
    </ClInclude>
    <ClInclude Include="..\..\Shared\PESPacket.h">
      <Filter>Transport Stream Object Model</Filter>
    </ClInclude>
    <ClInclude Include="..\..\Shared\PMTSection.h">
      <Filter>Transport Stream Object Model</Filter>
    </ClInclude>
    <ClInclude Include="..\..\Shared\SampleData.h">
      <Filter>Transport Stream Object Model</Filter>
    </ClInclude>
    <ClInclude Include="..\..\Shared\Timestamp.h">
      <Filter>Transport Stream Object Model</Filter>
    </ClInclude>
    <ClInclude Include="..\..\Shared\TransportPacket.h">
      <Filter>Transport Stream Object Model</Filter>
    </ClInclude>
    <ClInclude Include="..\..\Shared\TransportStreamParser.h">
      <Filter>Transport Stream Object Model</Filter>
    </ClInclude>
    <ClInclude Include="..\..\Shared\TSConstants.h">
      <Filter>Transport Stream Object Model</Filter>
    </ClInclude>
    <ClInclude Include="..\..\Shared\BitOp.h">
      <Filter>Utilities</Filter>
    </ClInclude>
    <ClInclude Include="..\..\Shared\FileLogger.h">
      <Filter>Utilities</Filter>
    </ClInclude>
    <ClInclude Include="..\..\Shared\ID3TagParser.h">
      <Filter>Utilities</Filter>
    </ClInclude>
    <ClInclude Include="..\..\Shared\StopWatch.h">
      <Filter>Utilities</Filter>
    </ClInclude>
    <ClInclude Include="..\..\Shared\TaskRegistry.h">
      <Filter>Utilities</Filter>
    </ClInclude>
  </ItemGroup>
</Project>