
Microsoft Visual Studio Solution File, Format Version 12.00
# Visual Studio 14
VisualStudioVersion = 14.0.22823.1
MinimumVisualStudioVersion = 10.0.40219.1
Project("{2150E333-8FDC-42A3-9474-1A3956D46DE8}") = "Samples", "Samples", "{C482AB1C-F0C3-4C1F-8AD6-F804FE17767B}"
EndProject
Project("{2150E333-8FDC-42A3-9474-1A3956D46DE8}") = "Setup", "Setup", "{653F313A-2B6E-49E0-816B-03E52CA643BF}"
EndProject
Project("{2150E333-8FDC-42A3-9474-1A3956D46DE8}") = "Microsoft.CC608", "Microsoft.CC608", "{57C6E9E0-07EC-40B6-9471-615273901445}"
EndProject
Project("{2150E333-8FDC-42A3-9474-1A3956D46DE8}") = "PFPlugins", "PFPlugins", "{1126CD38-951D-4695-88D2-D81F81CA7915}"
EndProject
Project("{8BC9CEB8-8B4A-11D0-8D11-00A0C91BC942}") = "Microsoft.CC608", "Microsoft.CC608\Microsoft.CC608.vcxproj", "{7739E46E-9BF4-4908-9583-3B3F3D3638D5}"
EndProject
Project("{FAE04EC0-301F-11D3-BF4B-00C04F79EFBC}") = "MSHLS.PF.XAML", "PFPlugins\MSHLS.PF.XAML\MSHLS.PF.XAML.csproj", "{2873D363-DBD3-4FC2-BC60-48EBE806C6C2}"
EndProject
Project("{FAE04EC0-301F-11D3-BF4B-00C04F79EFBC}") = "MSHLS.PF.XAML.Sample", "Samples\MSHLS.PF.XAML.Sample\MSHLS.PF.XAML.Sample.csproj", "{80AD52A9-0887-487C-A4DC-B16E2C368D3D}"
EndProject
Project("{FAE04EC0-301F-11D3-BF4B-00C04F79EFBC}") = "MSHLS.PF.XAML.Setup", "Setup\MSHLS.PF.XAML.Setup\MSHLS.PF.XAML.Setup.csproj", "{F64082BA-0E1F-450D-8DD8-79CDE43CF352}"
EndProject
Project("{FAE04EC0-301F-11D3-BF4B-00C04F79EFBC}") = "MSHLS.PF.JS", "PFPlugins\MSHLS.PF.JS\MSHLS.PF.JS.csproj", "{6558280E-210C-447E-B75F-9C62A9FD58AB}"
EndProject
Project("{262852C6-CD72-467D-83FE-5EEB1973A190}") = "MSHLS.PF.JS.Sample", "Samples\MSHLS.PF.JS.Sample\MSHLS.PF.JS.Sample.jsproj", "{6B8DCA88-A29B-4BFD-91B8-1C47F0B11F69}"
EndProject
Project("{8BC9CEB8-8B4A-11D0-8D11-00A0C91BC942}") = "HLSClientExtensions", "PFPlugins\HLSClientExtensions\HLSClientExtensions.vcxproj", "{4784BF38-BC84-4447-8F09-742D1BB9894A}"
EndProject
Project("{FAE04EC0-301F-11D3-BF4B-00C04F79EFBC}") = "MSHLS.PF.WinJS.Setup", "Setup\MSHLS.PF.WinJS.Setup\MSHLS.PF.WinJS.Setup.csproj", "{C8BE4EA9-08A2-47E3-BD20-23284990862A}"
EndProject
Project("{FAE04EC0-301F-11D3-BF4B-00C04F79EFBC}") = "MSHLS.PF.Setup", "Setup\MSHLS.PF.Setup\MSHLS.PF.Setup.csproj", "{33FC6B3B-2E85-46B4-970A-4F39F2BD14E5}"
	ProjectSection(ProjectDependencies) = postProject
		{C8BE4EA9-08A2-47E3-BD20-23284990862A} = {C8BE4EA9-08A2-47E3-BD20-23284990862A}
		{F64082BA-0E1F-450D-8DD8-79CDE43CF352} = {F64082BA-0E1F-450D-8DD8-79CDE43CF352}
	EndProjectSection
EndProject
Global
	GlobalSection(SolutionConfigurationPlatforms) = preSolution
		Debug|Any CPU = Debug|Any CPU
		Debug|ARM = Debug|ARM
		Debug|x64 = Debug|x64
		Debug|x86 = Debug|x86
		Release|Any CPU = Release|Any CPU
		Release|ARM = Release|ARM
		Release|x64 = Release|x64
		Release|x86 = Release|x86
	EndGlobalSection
	GlobalSection(ProjectConfigurationPlatforms) = postSolution
		{7739E46E-9BF4-4908-9583-3B3F3D3638D5}.Debug|Any CPU.ActiveCfg = Debug|Win32
		{7739E46E-9BF4-4908-9583-3B3F3D3638D5}.Debug|ARM.ActiveCfg = Debug|ARM
		{7739E46E-9BF4-4908-9583-3B3F3D3638D5}.Debug|ARM.Build.0 = Debug|ARM
		{7739E46E-9BF4-4908-9583-3B3F3D3638D5}.Debug|x64.ActiveCfg = Debug|x64
		{7739E46E-9BF4-4908-9583-3B3F3D3638D5}.Debug|x64.Build.0 = Debug|x64
		{7739E46E-9BF4-4908-9583-3B3F3D3638D5}.Debug|x86.ActiveCfg = Debug|Win32
		{7739E46E-9BF4-4908-9583-3B3F3D3638D5}.Debug|x86.Build.0 = Debug|Win32
		{7739E46E-9BF4-4908-9583-3B3F3D3638D5}.Release|Any CPU.ActiveCfg = Release|Win32
		{7739E46E-9BF4-4908-9583-3B3F3D3638D5}.Release|ARM.ActiveCfg = Release|ARM
		{7739E46E-9BF4-4908-9583-3B3F3D3638D5}.Release|ARM.Build.0 = Release|ARM
		{7739E46E-9BF4-4908-9583-3B3F3D3638D5}.Release|x64.ActiveCfg = Release|x64
		{7739E46E-9BF4-4908-9583-3B3F3D3638D5}.Release|x64.Build.0 = Release|x64
		{7739E46E-9BF4-4908-9583-3B3F3D3638D5}.Release|x86.ActiveCfg = Release|Win32
		{7739E46E-9BF4-4908-9583-3B3F3D3638D5}.Release|x86.Build.0 = Release|Win32
		{2873D363-DBD3-4FC2-BC60-48EBE806C6C2}.Debug|Any CPU.ActiveCfg = Debug|Any CPU
		{2873D363-DBD3-4FC2-BC60-48EBE806C6C2}.Debug|Any CPU.Build.0 = Debug|Any CPU
		{2873D363-DBD3-4FC2-BC60-48EBE806C6C2}.Debug|ARM.ActiveCfg = Debug|ARM
		{2873D363-DBD3-4FC2-BC60-48EBE806C6C2}.Debug|ARM.Build.0 = Debug|ARM
		{2873D363-DBD3-4FC2-BC60-48EBE806C6C2}.Debug|x64.ActiveCfg = Debug|x64
		{2873D363-DBD3-4FC2-BC60-48EBE806C6C2}.Debug|x64.Build.0 = Debug|x64
		{2873D363-DBD3-4FC2-BC60-48EBE806C6C2}.Debug|x86.ActiveCfg = Debug|x86
		{2873D363-DBD3-4FC2-BC60-48EBE806C6C2}.Debug|x86.Build.0 = Debug|x86
		{2873D363-DBD3-4FC2-BC60-48EBE806C6C2}.Release|Any CPU.ActiveCfg = Release|Any CPU
		{2873D363-DBD3-4FC2-BC60-48EBE806C6C2}.Release|Any CPU.Build.0 = Release|Any CPU
		{2873D363-DBD3-4FC2-BC60-48EBE806C6C2}.Release|ARM.ActiveCfg = Release|ARM
		{2873D363-DBD3-4FC2-BC60-48EBE806C6C2}.Release|ARM.Build.0 = Release|ARM
		{2873D363-DBD3-4FC2-BC60-48EBE806C6C2}.Release|x64.ActiveCfg = Release|x64
		{2873D363-DBD3-4FC2-BC60-48EBE806C6C2}.Release|x64.Build.0 = Release|x64
		{2873D363-DBD3-4FC2-BC60-48EBE806C6C2}.Release|x86.ActiveCfg = Release|x86
		{2873D363-DBD3-4FC2-BC60-48EBE806C6C2}.Release|x86.Build.0 = Release|x86
		{80AD52A9-0887-487C-A4DC-B16E2C368D3D}.Debug|Any CPU.ActiveCfg = Debug|x86
		{80AD52A9-0887-487C-A4DC-B16E2C368D3D}.Debug|ARM.ActiveCfg = Debug|ARM
		{80AD52A9-0887-487C-A4DC-B16E2C368D3D}.Debug|ARM.Build.0 = Debug|ARM
		{80AD52A9-0887-487C-A4DC-B16E2C368D3D}.Debug|ARM.Deploy.0 = Debug|ARM
		{80AD52A9-0887-487C-A4DC-B16E2C368D3D}.Debug|x64.ActiveCfg = Debug|x64
		{80AD52A9-0887-487C-A4DC-B16E2C368D3D}.Debug|x64.Build.0 = Debug|x64
		{80AD52A9-0887-487C-A4DC-B16E2C368D3D}.Debug|x64.Deploy.0 = Debug|x64
		{80AD52A9-0887-487C-A4DC-B16E2C368D3D}.Debug|x86.ActiveCfg = Debug|x86
		{80AD52A9-0887-487C-A4DC-B16E2C368D3D}.Debug|x86.Build.0 = Debug|x86
		{80AD52A9-0887-487C-A4DC-B16E2C368D3D}.Debug|x86.Deploy.0 = Debug|x86
		{80AD52A9-0887-487C-A4DC-B16E2C368D3D}.Release|Any CPU.ActiveCfg = Release|x86
		{80AD52A9-0887-487C-A4DC-B16E2C368D3D}.Release|ARM.ActiveCfg = Release|ARM
		{80AD52A9-0887-487C-A4DC-B16E2C368D3D}.Release|ARM.Build.0 = Release|ARM
		{80AD52A9-0887-487C-A4DC-B16E2C368D3D}.Release|ARM.Deploy.0 = Release|ARM
		{80AD52A9-0887-487C-A4DC-B16E2C368D3D}.Release|x64.ActiveCfg = Release|x64
		{80AD52A9-0887-487C-A4DC-B16E2C368D3D}.Release|x64.Build.0 = Release|x64
		{80AD52A9-0887-487C-A4DC-B16E2C368D3D}.Release|x64.Deploy.0 = Release|x64
		{80AD52A9-0887-487C-A4DC-B16E2C368D3D}.Release|x86.ActiveCfg = Release|x86
		{80AD52A9-0887-487C-A4DC-B16E2C368D3D}.Release|x86.Build.0 = Release|x86
		{80AD52A9-0887-487C-A4DC-B16E2C368D3D}.Release|x86.Deploy.0 = Release|x86
		{F64082BA-0E1F-450D-8DD8-79CDE43CF352}.Debug|Any CPU.ActiveCfg = Debug|Any CPU
		{F64082BA-0E1F-450D-8DD8-79CDE43CF352}.Debug|Any CPU.Build.0 = Debug|Any CPU
		{F64082BA-0E1F-450D-8DD8-79CDE43CF352}.Debug|ARM.ActiveCfg = Debug|Any CPU
		{F64082BA-0E1F-450D-8DD8-79CDE43CF352}.Debug|ARM.Build.0 = Debug|Any CPU
		{F64082BA-0E1F-450D-8DD8-79CDE43CF352}.Debug|x64.ActiveCfg = Debug|Any CPU
		{F64082BA-0E1F-450D-8DD8-79CDE43CF352}.Debug|x64.Build.0 = Debug|Any CPU
		{F64082BA-0E1F-450D-8DD8-79CDE43CF352}.Debug|x86.ActiveCfg = Debug|Any CPU
		{F64082BA-0E1F-450D-8DD8-79CDE43CF352}.Debug|x86.Build.0 = Debug|Any CPU
		{F64082BA-0E1F-450D-8DD8-79CDE43CF352}.Release|Any CPU.ActiveCfg = Release|Any CPU
		{F64082BA-0E1F-450D-8DD8-79CDE43CF352}.Release|Any CPU.Build.0 = Release|Any CPU
		{F64082BA-0E1F-450D-8DD8-79CDE43CF352}.Release|ARM.ActiveCfg = Release|Any CPU
		{F64082BA-0E1F-450D-8DD8-79CDE43CF352}.Release|ARM.Build.0 = Release|Any CPU
		{F64082BA-0E1F-450D-8DD8-79CDE43CF352}.Release|x64.ActiveCfg = Release|Any CPU
		{F64082BA-0E1F-450D-8DD8-79CDE43CF352}.Release|x64.Build.0 = Release|Any CPU
		{F64082BA-0E1F-450D-8DD8-79CDE43CF352}.Release|x86.ActiveCfg = Release|Any CPU
		{F64082BA-0E1F-450D-8DD8-79CDE43CF352}.Release|x86.Build.0 = Release|Any CPU
		{6558280E-210C-447E-B75F-9C62A9FD58AB}.Debug|Any CPU.ActiveCfg = Debug|Any CPU
		{6558280E-210C-447E-B75F-9C62A9FD58AB}.Debug|Any CPU.Build.0 = Debug|Any CPU
		{6558280E-210C-447E-B75F-9C62A9FD58AB}.Debug|ARM.ActiveCfg = Debug|ARM
		{6558280E-210C-447E-B75F-9C62A9FD58AB}.Debug|ARM.Build.0 = Debug|ARM
		{6558280E-210C-447E-B75F-9C62A9FD58AB}.Debug|x64.ActiveCfg = Debug|x64
		{6558280E-210C-447E-B75F-9C62A9FD58AB}.Debug|x64.Build.0 = Debug|x64
		{6558280E-210C-447E-B75F-9C62A9FD58AB}.Debug|x86.ActiveCfg = Debug|x86
		{6558280E-210C-447E-B75F-9C62A9FD58AB}.Debug|x86.Build.0 = Debug|x86
		{6558280E-210C-447E-B75F-9C62A9FD58AB}.Release|Any CPU.ActiveCfg = Release|Any CPU
		{6558280E-210C-447E-B75F-9C62A9FD58AB}.Release|Any CPU.Build.0 = Release|Any CPU
		{6558280E-210C-447E-B75F-9C62A9FD58AB}.Release|ARM.ActiveCfg = Release|ARM
		{6558280E-210C-447E-B75F-9C62A9FD58AB}.Release|ARM.Build.0 = Release|ARM
		{6558280E-210C-447E-B75F-9C62A9FD58AB}.Release|x64.ActiveCfg = Release|x64
		{6558280E-210C-447E-B75F-9C62A9FD58AB}.Release|x64.Build.0 = Release|x64
		{6558280E-210C-447E-B75F-9C62A9FD58AB}.Release|x86.ActiveCfg = Release|x86
		{6558280E-210C-447E-B75F-9C62A9FD58AB}.Release|x86.Build.0 = Release|x86
		{6B8DCA88-A29B-4BFD-91B8-1C47F0B11F69}.Debug|Any CPU.ActiveCfg = Debug|Any CPU
		{6B8DCA88-A29B-4BFD-91B8-1C47F0B11F69}.Debug|Any CPU.Build.0 = Debug|Any CPU
		{6B8DCA88-A29B-4BFD-91B8-1C47F0B11F69}.Debug|Any CPU.Deploy.0 = Debug|Any CPU
		{6B8DCA88-A29B-4BFD-91B8-1C47F0B11F69}.Debug|ARM.ActiveCfg = Debug|ARM
		{6B8DCA88-A29B-4BFD-91B8-1C47F0B11F69}.Debug|ARM.Build.0 = Debug|ARM
		{6B8DCA88-A29B-4BFD-91B8-1C47F0B11F69}.Debug|ARM.Deploy.0 = Debug|ARM
		{6B8DCA88-A29B-4BFD-91B8-1C47F0B11F69}.Debug|x64.ActiveCfg = Debug|x64
		{6B8DCA88-A29B-4BFD-91B8-1C47F0B11F69}.Debug|x64.Build.0 = Debug|x64
		{6B8DCA88-A29B-4BFD-91B8-1C47F0B11F69}.Debug|x64.Deploy.0 = Debug|x64
		{6B8DCA88-A29B-4BFD-91B8-1C47F0B11F69}.Debug|x86.ActiveCfg = Debug|x86
		{6B8DCA88-A29B-4BFD-91B8-1C47F0B11F69}.Debug|x86.Build.0 = Debug|x86
		{6B8DCA88-A29B-4BFD-91B8-1C47F0B11F69}.Debug|x86.Deploy.0 = Debug|x86
		{6B8DCA88-A29B-4BFD-91B8-1C47F0B11F69}.Release|Any CPU.ActiveCfg = Release|Any CPU
		{6B8DCA88-A29B-4BFD-91B8-1C47F0B11F69}.Release|Any CPU.Build.0 = Release|Any CPU
		{6B8DCA88-A29B-4BFD-91B8-1C47F0B11F69}.Release|Any CPU.Deploy.0 = Release|Any CPU
		{6B8DCA88-A29B-4BFD-91B8-1C47F0B11F69}.Release|ARM.ActiveCfg = Release|ARM
		{6B8DCA88-A29B-4BFD-91B8-1C47F0B11F69}.Release|ARM.Build.0 = Release|ARM
		{6B8DCA88-A29B-4BFD-91B8-1C47F0B11F69}.Release|ARM.Deploy.0 = Release|ARM
		{6B8DCA88-A29B-4BFD-91B8-1C47F0B11F69}.Release|x64.ActiveCfg = Release|x64
		{6B8DCA88-A29B-4BFD-91B8-1C47F0B11F69}.Release|x64.Build.0 = Release|x64
		{6B8DCA88-A29B-4BFD-91B8-1C47F0B11F69}.Release|x64.Deploy.0 = Release|x64
		{6B8DCA88-A29B-4BFD-91B8-1C47F0B11F69}.Release|x86.ActiveCfg = Release|x86
		{6B8DCA88-A29B-4BFD-91B8-1C47F0B11F69}.Release|x86.Build.0 = Release|x86
		{6B8DCA88-A29B-4BFD-91B8-1C47F0B11F69}.Release|x86.Deploy.0 = Release|x86
		{4784BF38-BC84-4447-8F09-742D1BB9894A}.Debug|Any CPU.ActiveCfg = Debug|Win32
		{4784BF38-BC84-4447-8F09-742D1BB9894A}.Debug|ARM.ActiveCfg = Debug|ARM
		{4784BF38-BC84-4447-8F09-742D1BB9894A}.Debug|ARM.Build.0 = Debug|ARM
		{4784BF38-BC84-4447-8F09-742D1BB9894A}.Debug|x64.ActiveCfg = Debug|x64
		{4784BF38-BC84-4447-8F09-742D1BB9894A}.Debug|x64.Build.0 = Debug|x64
		{4784BF38-BC84-4447-8F09-742D1BB9894A}.Debug|x86.ActiveCfg = Debug|Win32
		{4784BF38-BC84-4447-8F09-742D1BB9894A}.Debug|x86.Build.0 = Debug|Win32
		{4784BF38-BC84-4447-8F09-742D1BB9894A}.Release|Any CPU.ActiveCfg = Release|Win32
		{4784BF38-BC84-4447-8F09-742D1BB9894A}.Release|ARM.ActiveCfg = Release|ARM
		{4784BF38-BC84-4447-8F09-742D1BB9894A}.Release|ARM.Build.0 = Release|ARM
		{4784BF38-BC84-4447-8F09-742D1BB9894A}.Release|x64.ActiveCfg = Release|x64
		{4784BF38-BC84-4447-8F09-742D1BB9894A}.Release|x64.Build.0 = Release|x64
		{4784BF38-BC84-4447-8F09-742D1BB9894A}.Release|x86.ActiveCfg = Release|Win32
		{4784BF38-BC84-4447-8F09-742D1BB9894A}.Release|x86.Build.0 = Release|Win32
		{C8BE4EA9-08A2-47E3-BD20-23284990862A}.Debug|Any CPU.ActiveCfg = Debug|Any CPU
		{C8BE4EA9-08A2-47E3-BD20-23284990862A}.Debug|Any CPU.Build.0 = Debug|Any CPU
		{C8BE4EA9-08A2-47E3-BD20-23284990862A}.Debug|ARM.ActiveCfg = Debug|Any CPU
		{C8BE4EA9-08A2-47E3-BD20-23284990862A}.Debug|ARM.Build.0 = Debug|Any CPU
		{C8BE4EA9-08A2-47E3-BD20-23284990862A}.Debug|x64.ActiveCfg = Debug|Any CPU
		{C8BE4EA9-08A2-47E3-BD20-23284990862A}.Debug|x64.Build.0 = Debug|Any CPU
		{C8BE4EA9-08A2-47E3-BD20-23284990862A}.Debug|x86.ActiveCfg = Debug|Any CPU
		{C8BE4EA9-08A2-47E3-BD20-23284990862A}.Debug|x86.Build.0 = Debug|Any CPU
		{C8BE4EA9-08A2-47E3-BD20-23284990862A}.Release|Any CPU.ActiveCfg = Release|Any CPU
		{C8BE4EA9-08A2-47E3-BD20-23284990862A}.Release|Any CPU.Build.0 = Release|Any CPU
		{C8BE4EA9-08A2-47E3-BD20-23284990862A}.Release|ARM.ActiveCfg = Release|Any CPU
		{C8BE4EA9-08A2-47E3-BD20-23284990862A}.Release|ARM.Build.0 = Release|Any CPU
		{C8BE4EA9-08A2-47E3-BD20-23284990862A}.Release|x64.ActiveCfg = Release|Any CPU
		{C8BE4EA9-08A2-47E3-BD20-23284990862A}.Release|x64.Build.0 = Release|Any CPU
		{C8BE4EA9-08A2-47E3-BD20-23284990862A}.Release|x86.ActiveCfg = Release|Any CPU
		{C8BE4EA9-08A2-47E3-BD20-23284990862A}.Release|x86.Build.0 = Release|Any CPU
		{33FC6B3B-2E85-46B4-970A-4F39F2BD14E5}.Debug|Any CPU.ActiveCfg = Debug|Any CPU
		{33FC6B3B-2E85-46B4-970A-4F39F2BD14E5}.Debug|Any CPU.Build.0 = Debug|Any CPU
		{33FC6B3B-2E85-46B4-970A-4F39F2BD14E5}.Debug|ARM.ActiveCfg = Debug|Any CPU
		{33FC6B3B-2E85-46B4-970A-4F39F2BD14E5}.Debug|ARM.Build.0 = Debug|Any CPU
		{33FC6B3B-2E85-46B4-970A-4F39F2BD14E5}.Debug|x64.ActiveCfg = Debug|Any CPU
		{33FC6B3B-2E85-46B4-970A-4F39F2BD14E5}.Debug|x64.Build.0 = Debug|Any CPU
		{33FC6B3B-2E85-46B4-970A-4F39F2BD14E5}.Debug|x86.ActiveCfg = Debug|Any CPU
		{33FC6B3B-2E85-46B4-970A-4F39F2BD14E5}.Debug|x86.Build.0 = Debug|Any CPU
		{33FC6B3B-2E85-46B4-970A-4F39F2BD14E5}.Release|Any CPU.ActiveCfg = Release|Any CPU
		{33FC6B3B-2E85-46B4-970A-4F39F2BD14E5}.Release|Any CPU.Build.0 = Release|Any CPU
		{33FC6B3B-2E85-46B4-970A-4F39F2BD14E5}.Release|ARM.ActiveCfg = Release|Any CPU
		{33FC6B3B-2E85-46B4-970A-4F39F2BD14E5}.Release|ARM.Build.0 = Release|Any CPU
		{33FC6B3B-2E85-46B4-970A-4F39F2BD14E5}.Release|x64.ActiveCfg = Release|Any CPU
		{33FC6B3B-2E85-46B4-970A-4F39F2BD14E5}.Release|x64.Build.0 = Release|Any CPU
		{33FC6B3B-2E85-46B4-970A-4F39F2BD14E5}.Release|x86.ActiveCfg = Release|Any CPU
		{33FC6B3B-2E85-46B4-970A-4F39F2BD14E5}.Release|x86.Build.0 = Release|Any CPU
	EndGlobalSection
	GlobalSection(SolutionProperties) = preSolution
		HideSolutionNode = FALSE
	EndGlobalSection
	GlobalSection(NestedProjects) = preSolution
		{7739E46E-9BF4-4908-9583-3B3F3D3638D5} = {57C6E9E0-07EC-40B6-9471-615273901445}
		{2873D363-DBD3-4FC2-BC60-48EBE806C6C2} = {1126CD38-951D-4695-88D2-D81F81CA7915}
		{80AD52A9-0887-487C-A4DC-B16E2C368D3D} = {C482AB1C-F0C3-4C1F-8AD6-F804FE17767B}
		{F64082BA-0E1F-450D-8DD8-79CDE43CF352} = {653F313A-2B6E-49E0-816B-03E52CA643BF}
		{6558280E-210C-447E-B75F-9C62A9FD58AB} = {1126CD38-951D-4695-88D2-D81F81CA7915}
		{6B8DCA88-A29B-4BFD-91B8-1C47F0B11F69} = {C482AB1C-F0C3-4C1F-8AD6-F804FE17767B}
		{4784BF38-BC84-4447-8F09-742D1BB9894A} = {1126CD38-951D-4695-88D2-D81F81CA7915}
		{C8BE4EA9-08A2-47E3-BD20-23284990862A} = {653F313A-2B6E-49E0-816B-03E52CA643BF}
		{33FC6B3B-2E85-46B4-970A-4F39F2BD14E5} = {653F313A-2B6E-49E0-816B-03E52CA643BF}
	EndGlobalSection
EndGlobal
