
Microsoft Visual Studio Solution File, Format Version 12.00
# Visual Studio 2013
VisualStudioVersion = 12.0.31101.0
MinimumVisualStudioVersion = 10.0.40219.1
Project("{2150E333-8FDC-42A3-9474-1A3956D46DE8}") = "Microsoft.CC608", "Microsoft.CC608", "{B98D66EC-AAC4-4F2E-83F0-4D6E0B2D8862}"
EndProject
Project("{2150E333-8FDC-42A3-9474-1A3956D46DE8}") = "PF.JS", "PF.JS", "{EB442BE7-AF01-4856-9BA9-BE69D518D6E1}"
EndProject
Project("{2150E333-8FDC-42A3-9474-1A3956D46DE8}") = "PF.XAML", "PF.XAML", "{52FDEEB4-A72C-40D8-A40D-43D75663EED9}"
EndProject
Project("{2150E333-8FDC-42A3-9474-1A3956D46DE8}") = "HLSClientExtensions", "HLSClientExtensions", "{8724582C-E2DB-45C0-A95E-1388DA9F4B97}"
EndProject
Project("{2150E333-8FDC-42A3-9474-1A3956D46DE8}") = "Setup", "Setup", "{77F84F09-AD23-4E8C-BC31-8A72F89EB35C}"
EndProject
Project("{8BC9CEB8-8B4A-11D0-8D11-00A0C91BC942}") = "Microsoft.CC608", "Microsoft.CC608\Microsoft.CC608\Microsoft.CC608.vcxproj", "{4607F193-2955-49F5-A3C4-FF0A94729F63}"
EndProject
Project("{8BC9CEB8-8B4A-11D0-8D11-00A0C91BC942}") = "Microsoft.CC608.WindowsPhone", "Microsoft.CC608\Microsoft.CC608.WindowsPhone\Microsoft.CC608.WindowsPhone.vcxproj", "{8829A195-06AA-46CF-B150-82FAD4D2D9A6}"
EndProject
Project("{8BC9CEB8-8B4A-11D0-8D11-00A0C91BC942}") = "Microsoft.CC608.Shared", "Microsoft.CC608\Microsoft.CC608.Shared\Microsoft.CC608.Shared.vcxitems", "{4AEC4363-B259-4F72-82A6-94736DA74B6B}"
EndProject
Project("{FAE04EC0-301F-11D3-BF4B-00C04F79EFBC}") = "MSHLS.PF.XAML.Windows", "PF.XAML\MSHLS.PF.XAML.Windows\MSHLS.PF.XAML.Windows.csproj", "{C0A93AD0-515C-44E9-BB0E-D408931A7E41}"
EndProject
Project("{FAE04EC0-301F-11D3-BF4B-00C04F79EFBC}") = "MSHLS.PF.XAML.WindowsPhone", "PF.XAML\MSHLS.PF.XAML.WindowsPhone\MSHLS.PF.XAML.WindowsPhone.csproj", "{F7D656A3-DA5C-484B-A05E-34BE6677DFA5}"
EndProject
Project("{FAE04EC0-301F-11D3-BF4B-00C04F79EFBC}") = "MSHLS.PF.XAML.CC608.Windows", "PF.XAML\MSHLS.PF.XAML.CC608.Windows\MSHLS.PF.XAML.CC608.Windows.csproj", "{51431FEB-15F3-4D83-B0D1-637960D43F5B}"
EndProject
Project("{FAE04EC0-301F-11D3-BF4B-00C04F79EFBC}") = "MSHLS.PF.XAML.CC608.WindowsPhone", "PF.XAML\MSHLS.PF.XAML.CC608.WindowsPhone\MSHLS.PF.XAML.CC608.WindowsPhone.csproj", "{4BFE2AA3-C00A-46E4-8A8C-42A8B03FBE7A}"
EndProject
Project("{8BC9CEB8-8B4A-11D0-8D11-00A0C91BC942}") = "HLSClientExtensions.Shared", "PF.JS\HLSClientExtensions\HLSClientExtensions.Shared\HLSClientExtensions.Shared.vcxitems", "{BDBB5926-CB6D-48C7-A7BD-D2D40C10A069}"
EndProject
Project("{8BC9CEB8-8B4A-11D0-8D11-00A0C91BC942}") = "HLSClientExtensions.Windows", "PF.JS\HLSClientExtensions\HLSClientExtensions.Windows\HLSClientExtensions.Windows.vcxproj", "{9E026F6E-E995-4784-BF5F-A3C26CD5F756}"
EndProject
Project("{8BC9CEB8-8B4A-11D0-8D11-00A0C91BC942}") = "HLSClientExtensions.WindowsPhone", "PF.JS\HLSClientExtensions\HLSClientExtensions.WindowsPhone\HLSClientExtensions.WindowsPhone.vcxproj", "{42DACBE7-EF52-40F0-B9F1-7D68B0B5A5B6}"
EndProject
Project("{FAE04EC0-301F-11D3-BF4B-00C04F79EFBC}") = "MSHLS.PF.JS.Windows", "PF.JS\MSHLS.PF.JS.Windows\MSHLS.PF.JS.Windows.csproj", "{81365971-A818-431B-B3C3-081257905169}"
EndProject
Project("{FAE04EC0-301F-11D3-BF4B-00C04F79EFBC}") = "MSHLS.PF.JS.WindowsPhone", "PF.JS\MSHLS.PF.JS.WindowsPhone\MSHLS.PF.JS.WindowsPhone.csproj", "{0FD69A8E-2B16-4475-99A8-B97BDFA5A68C}"
EndProject
Project("{FAE04EC0-301F-11D3-BF4B-00C04F79EFBC}") = "MSHLS.PF.JS.CC608.Windows", "PF.JS\MSHLS.PF.JS.CC608.Windows\MSHLS.PF.JS.CC608.Windows.csproj", "{885438E7-A5B6-4EB5-8190-F3C3321B7201}"
EndProject
Project("{FAE04EC0-301F-11D3-BF4B-00C04F79EFBC}") = "MSHLS.PF.JS.CC608.WindowsPhone", "PF.JS\MSHLS.PF.JS.CC608.WindowsPhone\MSHLS.PF.JS.CC608.WindowsPhone.csproj", "{FA003D4D-DE66-429E-9A9C-F5BC1E15F28C}"
EndProject
Project("{FAE04EC0-301F-11D3-BF4B-00C04F79EFBC}") = "MSHLS.PF.Setup", "Setup\MSHLS.PF.Setup\MSHLS.PF.Setup.csproj", "{82786291-09EC-4DD8-9D61-C73F0ED7A9F5}"
	ProjectSection(ProjectDependencies) = postProject
		{6708F882-E7B9-4FE5-9A19-78A466C45F32} = {6708F882-E7B9-4FE5-9A19-78A466C45F32}
		{B6F5CC92-FF06-45FD-910E-D92BF0724DAF} = {B6F5CC92-FF06-45FD-910E-D92BF0724DAF}
		{26C3D9A3-17A6-4D2C-BF5E-8C1950AA1DF2} = {26C3D9A3-17A6-4D2C-BF5E-8C1950AA1DF2}
		{0B26EFB1-B9B0-43FF-A866-27FCA9660B14} = {0B26EFB1-B9B0-43FF-A866-27FCA9660B14}
		{89351DCA-0179-4E15-91BF-987613CA91C0} = {89351DCA-0179-4E15-91BF-987613CA91C0}
		{27C06ADA-2225-44F3-950B-7529CBE21303} = {27C06ADA-2225-44F3-950B-7529CBE21303}
		{22394DE6-700B-4E76-AA17-15EBF39EA30A} = {22394DE6-700B-4E76-AA17-15EBF39EA30A}
		{10957BFD-6540-4302-BC4F-8A24806069E9} = {10957BFD-6540-4302-BC4F-8A24806069E9}
	EndProjectSection
EndProject
Project("{2150E333-8FDC-42A3-9474-1A3956D46DE8}") = "PF.XAML", "PF.XAML", "{F60E2F39-8394-47A7-85EC-CB7DB7555BDC}"
EndProject
Project("{2150E333-8FDC-42A3-9474-1A3956D46DE8}") = "PF.JS", "PF.JS", "{A5D41FBC-E5DC-48BB-AC36-1397A2217CE4}"
EndProject
Project("{FAE04EC0-301F-11D3-BF4B-00C04F79EFBC}") = "MSHLS.PF.XAML.CC608.Windows.Setup", "Setup\PF.XAML\MSHLS.PF.XAML.CC608.Windows.Setup\MSHLS.PF.XAML.CC608.Windows.Setup.csproj", "{89351DCA-0179-4E15-91BF-987613CA91C0}"
EndProject
Project("{FAE04EC0-301F-11D3-BF4B-00C04F79EFBC}") = "MSHLS.PF.XAML.CC608.WindowsPhone.Setup", "Setup\PF.XAML\MSHLS.PF.XAML.CC608.WindowsPhone.Setup\MSHLS.PF.XAML.CC608.WindowsPhone.Setup.csproj", "{6708F882-E7B9-4FE5-9A19-78A466C45F32}"
EndProject
Project("{FAE04EC0-301F-11D3-BF4B-00C04F79EFBC}") = "MSHLS.PF.XAML.Windows.Setup", "Setup\PF.XAML\MSHLS.PF.XAML.Windows.Setup\MSHLS.PF.XAML.Windows.Setup.csproj", "{27C06ADA-2225-44F3-950B-7529CBE21303}"
EndProject
Project("{FAE04EC0-301F-11D3-BF4B-00C04F79EFBC}") = "MSHLS.PF.XAML.WindowsPhone.Setup", "Setup\PF.XAML\MSHLS.PF.XAML.WindowsPhone.Setup\MSHLS.PF.XAML.WindowsPhone.Setup.csproj", "{22394DE6-700B-4E76-AA17-15EBF39EA30A}"
EndProject
Project("{FAE04EC0-301F-11D3-BF4B-00C04F79EFBC}") = "MSHLS.PF.JS.CC608.Windows.Setup", "Setup\PF.JS\MSHLS.PF.JS.CC608.Windows.Setup\MSHLS.PF.JS.CC608.Windows.Setup.csproj", "{26C3D9A3-17A6-4D2C-BF5E-8C1950AA1DF2}"
EndProject
Project("{FAE04EC0-301F-11D3-BF4B-00C04F79EFBC}") = "MSHLS.PF.JS.CC608.WindowsPhone.Setup", "Setup\PF.JS\MSHLS.PF.JS.CC608.WindowsPhone.Setup\MSHLS.PF.JS.CC608.WindowsPhone.Setup.csproj", "{B6F5CC92-FF06-45FD-910E-D92BF0724DAF}"
EndProject
Project("{FAE04EC0-301F-11D3-BF4B-00C04F79EFBC}") = "MSHLS.PF.JS.Windows.Setup", "Setup\PF.JS\MSHLS.PF.JS.Windows.Setup\MSHLS.PF.JS.Windows.Setup.csproj", "{10957BFD-6540-4302-BC4F-8A24806069E9}"
EndProject
Project("{FAE04EC0-301F-11D3-BF4B-00C04F79EFBC}") = "MSHLS.PF.JS.WindowsPhone.Setup", "Setup\PF.JS\MSHLS.PF.JS.WindowsPhone.Setup\MSHLS.PF.JS.WindowsPhone.Setup.csproj", "{0B26EFB1-B9B0-43FF-A866-27FCA9660B14}"
EndProject
Global
	GlobalSection(SharedMSBuildProjectFiles) = preSolution
		Microsoft.CC608\Microsoft.CC608.Shared\Microsoft.CC608.Shared.vcxitems*{4607f193-2955-49f5-a3c4-ff0a94729f63}*SharedItemsImports = 4
		PF.JS\HLSClientExtensions\HLSClientExtensions.Shared\HLSClientExtensions.Shared.vcxitems*{bdbb5926-cb6d-48c7-a7bd-d2d40c10a069}*SharedItemsImports = 9
		PF.JS\HLSClientExtensions\HLSClientExtensions.Shared\HLSClientExtensions.Shared.vcxitems*{42dacbe7-ef52-40f0-b9f1-7d68b0b5a5b6}*SharedItemsImports = 4
		PF.JS\HLSClientExtensions\HLSClientExtensions.Shared\HLSClientExtensions.Shared.vcxitems*{9e026f6e-e995-4784-bf5f-a3c26cd5f756}*SharedItemsImports = 4
		Microsoft.CC608\Microsoft.CC608.Shared\Microsoft.CC608.Shared.vcxitems*{8829a195-06aa-46cf-b150-82fad4d2d9a6}*SharedItemsImports = 4
		Microsoft.CC608\Microsoft.CC608.Shared\Microsoft.CC608.Shared.vcxitems*{4aec4363-b259-4f72-82a6-94736da74b6b}*SharedItemsImports = 9
	EndGlobalSection
	GlobalSection(SolutionConfigurationPlatforms) = preSolution
		Debug|Any CPU = Debug|Any CPU
		Debug|ARM = Debug|ARM
		Debug|Mixed Platforms = Debug|Mixed Platforms
		Debug|Win32 = Debug|Win32
		Debug|x64 = Debug|x64
		Debug|x86 = Debug|x86
		Release|Any CPU = Release|Any CPU
		Release|ARM = Release|ARM
		Release|Mixed Platforms = Release|Mixed Platforms
		Release|Win32 = Release|Win32
		Release|x64 = Release|x64
		Release|x86 = Release|x86
	EndGlobalSection
	GlobalSection(ProjectConfigurationPlatforms) = postSolution
		{4607F193-2955-49F5-A3C4-FF0A94729F63}.Debug|Any CPU.ActiveCfg = Debug|Win32
		{4607F193-2955-49F5-A3C4-FF0A94729F63}.Debug|ARM.ActiveCfg = Debug|ARM
		{4607F193-2955-49F5-A3C4-FF0A94729F63}.Debug|ARM.Build.0 = Debug|ARM
		{4607F193-2955-49F5-A3C4-FF0A94729F63}.Debug|Mixed Platforms.ActiveCfg = Debug|Win32
		{4607F193-2955-49F5-A3C4-FF0A94729F63}.Debug|Mixed Platforms.Build.0 = Debug|Win32
		{4607F193-2955-49F5-A3C4-FF0A94729F63}.Debug|Win32.ActiveCfg = Debug|Win32
		{4607F193-2955-49F5-A3C4-FF0A94729F63}.Debug|Win32.Build.0 = Debug|Win32
		{4607F193-2955-49F5-A3C4-FF0A94729F63}.Debug|x64.ActiveCfg = Debug|x64
		{4607F193-2955-49F5-A3C4-FF0A94729F63}.Debug|x64.Build.0 = Debug|x64
		{4607F193-2955-49F5-A3C4-FF0A94729F63}.Debug|x86.ActiveCfg = Debug|Win32
		{4607F193-2955-49F5-A3C4-FF0A94729F63}.Debug|x86.Build.0 = Debug|Win32
		{4607F193-2955-49F5-A3C4-FF0A94729F63}.Release|Any CPU.ActiveCfg = Release|Win32
		{4607F193-2955-49F5-A3C4-FF0A94729F63}.Release|ARM.ActiveCfg = Release|ARM
		{4607F193-2955-49F5-A3C4-FF0A94729F63}.Release|ARM.Build.0 = Release|ARM
		{4607F193-2955-49F5-A3C4-FF0A94729F63}.Release|Mixed Platforms.ActiveCfg = Release|Win32
		{4607F193-2955-49F5-A3C4-FF0A94729F63}.Release|Mixed Platforms.Build.0 = Release|Win32
		{4607F193-2955-49F5-A3C4-FF0A94729F63}.Release|Win32.ActiveCfg = Release|Win32
		{4607F193-2955-49F5-A3C4-FF0A94729F63}.Release|Win32.Build.0 = Release|Win32
		{4607F193-2955-49F5-A3C4-FF0A94729F63}.Release|x64.ActiveCfg = Release|x64
		{4607F193-2955-49F5-A3C4-FF0A94729F63}.Release|x64.Build.0 = Release|x64
		{4607F193-2955-49F5-A3C4-FF0A94729F63}.Release|x86.ActiveCfg = Release|Win32
		{4607F193-2955-49F5-A3C4-FF0A94729F63}.Release|x86.Build.0 = Release|Win32
		{8829A195-06AA-46CF-B150-82FAD4D2D9A6}.Debug|Any CPU.ActiveCfg = Debug|Win32
		{8829A195-06AA-46CF-B150-82FAD4D2D9A6}.Debug|ARM.ActiveCfg = Debug|ARM
		{8829A195-06AA-46CF-B150-82FAD4D2D9A6}.Debug|ARM.Build.0 = Debug|ARM
		{8829A195-06AA-46CF-B150-82FAD4D2D9A6}.Debug|Mixed Platforms.ActiveCfg = Debug|Win32
		{8829A195-06AA-46CF-B150-82FAD4D2D9A6}.Debug|Mixed Platforms.Build.0 = Debug|Win32
		{8829A195-06AA-46CF-B150-82FAD4D2D9A6}.Debug|Win32.ActiveCfg = Debug|Win32
		{8829A195-06AA-46CF-B150-82FAD4D2D9A6}.Debug|Win32.Build.0 = Debug|Win32
		{8829A195-06AA-46CF-B150-82FAD4D2D9A6}.Debug|x64.ActiveCfg = Debug|Win32
		{8829A195-06AA-46CF-B150-82FAD4D2D9A6}.Debug|x86.ActiveCfg = Debug|Win32
		{8829A195-06AA-46CF-B150-82FAD4D2D9A6}.Debug|x86.Build.0 = Debug|Win32
		{8829A195-06AA-46CF-B150-82FAD4D2D9A6}.Release|Any CPU.ActiveCfg = Release|Win32
		{8829A195-06AA-46CF-B150-82FAD4D2D9A6}.Release|ARM.ActiveCfg = Release|ARM
		{8829A195-06AA-46CF-B150-82FAD4D2D9A6}.Release|ARM.Build.0 = Release|ARM
		{8829A195-06AA-46CF-B150-82FAD4D2D9A6}.Release|Mixed Platforms.ActiveCfg = Release|Win32
		{8829A195-06AA-46CF-B150-82FAD4D2D9A6}.Release|Mixed Platforms.Build.0 = Release|Win32
		{8829A195-06AA-46CF-B150-82FAD4D2D9A6}.Release|Win32.ActiveCfg = Release|Win32
		{8829A195-06AA-46CF-B150-82FAD4D2D9A6}.Release|Win32.Build.0 = Release|Win32
		{8829A195-06AA-46CF-B150-82FAD4D2D9A6}.Release|x64.ActiveCfg = Release|Win32
		{8829A195-06AA-46CF-B150-82FAD4D2D9A6}.Release|x86.ActiveCfg = Release|Win32
		{8829A195-06AA-46CF-B150-82FAD4D2D9A6}.Release|x86.Build.0 = Release|Win32
		{C0A93AD0-515C-44E9-BB0E-D408931A7E41}.Debug|Any CPU.ActiveCfg = Debug|Any CPU
		{C0A93AD0-515C-44E9-BB0E-D408931A7E41}.Debug|ARM.ActiveCfg = Debug|ARM
		{C0A93AD0-515C-44E9-BB0E-D408931A7E41}.Debug|ARM.Build.0 = Debug|ARM
		{C0A93AD0-515C-44E9-BB0E-D408931A7E41}.Debug|Mixed Platforms.ActiveCfg = Debug|x86
		{C0A93AD0-515C-44E9-BB0E-D408931A7E41}.Debug|Mixed Platforms.Build.0 = Debug|x86
		{C0A93AD0-515C-44E9-BB0E-D408931A7E41}.Debug|Win32.ActiveCfg = Debug|x86
		{C0A93AD0-515C-44E9-BB0E-D408931A7E41}.Debug|Win32.Build.0 = Debug|x86
		{C0A93AD0-515C-44E9-BB0E-D408931A7E41}.Debug|x64.ActiveCfg = Debug|x64
		{C0A93AD0-515C-44E9-BB0E-D408931A7E41}.Debug|x64.Build.0 = Debug|x64
		{C0A93AD0-515C-44E9-BB0E-D408931A7E41}.Debug|x86.ActiveCfg = Debug|x86
		{C0A93AD0-515C-44E9-BB0E-D408931A7E41}.Debug|x86.Build.0 = Debug|x86
		{C0A93AD0-515C-44E9-BB0E-D408931A7E41}.Release|Any CPU.ActiveCfg = Release|Any CPU
		{C0A93AD0-515C-44E9-BB0E-D408931A7E41}.Release|ARM.ActiveCfg = Release|ARM
		{C0A93AD0-515C-44E9-BB0E-D408931A7E41}.Release|ARM.Build.0 = Release|ARM
		{C0A93AD0-515C-44E9-BB0E-D408931A7E41}.Release|Mixed Platforms.ActiveCfg = Release|x86
		{C0A93AD0-515C-44E9-BB0E-D408931A7E41}.Release|Mixed Platforms.Build.0 = Release|x86
		{C0A93AD0-515C-44E9-BB0E-D408931A7E41}.Release|Win32.ActiveCfg = Release|x86
		{C0A93AD0-515C-44E9-BB0E-D408931A7E41}.Release|Win32.Build.0 = Release|x86
		{C0A93AD0-515C-44E9-BB0E-D408931A7E41}.Release|x64.ActiveCfg = Release|x64
		{C0A93AD0-515C-44E9-BB0E-D408931A7E41}.Release|x64.Build.0 = Release|x64
		{C0A93AD0-515C-44E9-BB0E-D408931A7E41}.Release|x86.ActiveCfg = Release|x86
		{C0A93AD0-515C-44E9-BB0E-D408931A7E41}.Release|x86.Build.0 = Release|x86
		{F7D656A3-DA5C-484B-A05E-34BE6677DFA5}.Debug|Any CPU.ActiveCfg = Debug|Any CPU
		{F7D656A3-DA5C-484B-A05E-34BE6677DFA5}.Debug|ARM.ActiveCfg = Debug|ARM
		{F7D656A3-DA5C-484B-A05E-34BE6677DFA5}.Debug|ARM.Build.0 = Debug|ARM
		{F7D656A3-DA5C-484B-A05E-34BE6677DFA5}.Debug|Mixed Platforms.ActiveCfg = Debug|x86
		{F7D656A3-DA5C-484B-A05E-34BE6677DFA5}.Debug|Mixed Platforms.Build.0 = Debug|x86
		{F7D656A3-DA5C-484B-A05E-34BE6677DFA5}.Debug|Win32.ActiveCfg = Debug|x86
		{F7D656A3-DA5C-484B-A05E-34BE6677DFA5}.Debug|Win32.Build.0 = Debug|x86
		{F7D656A3-DA5C-484B-A05E-34BE6677DFA5}.Debug|x64.ActiveCfg = Debug|Any CPU
		{F7D656A3-DA5C-484B-A05E-34BE6677DFA5}.Debug|x86.ActiveCfg = Debug|x86
		{F7D656A3-DA5C-484B-A05E-34BE6677DFA5}.Debug|x86.Build.0 = Debug|x86
		{F7D656A3-DA5C-484B-A05E-34BE6677DFA5}.Release|Any CPU.ActiveCfg = Release|Any CPU
		{F7D656A3-DA5C-484B-A05E-34BE6677DFA5}.Release|ARM.ActiveCfg = Release|ARM
		{F7D656A3-DA5C-484B-A05E-34BE6677DFA5}.Release|ARM.Build.0 = Release|ARM
		{F7D656A3-DA5C-484B-A05E-34BE6677DFA5}.Release|Mixed Platforms.ActiveCfg = Release|x86
		{F7D656A3-DA5C-484B-A05E-34BE6677DFA5}.Release|Mixed Platforms.Build.0 = Release|x86
		{F7D656A3-DA5C-484B-A05E-34BE6677DFA5}.Release|Win32.ActiveCfg = Release|x86
		{F7D656A3-DA5C-484B-A05E-34BE6677DFA5}.Release|Win32.Build.0 = Release|x86
		{F7D656A3-DA5C-484B-A05E-34BE6677DFA5}.Release|x64.ActiveCfg = Release|Any CPU
		{F7D656A3-DA5C-484B-A05E-34BE6677DFA5}.Release|x86.ActiveCfg = Release|x86
		{F7D656A3-DA5C-484B-A05E-34BE6677DFA5}.Release|x86.Build.0 = Release|x86
		{51431FEB-15F3-4D83-B0D1-637960D43F5B}.Debug|Any CPU.ActiveCfg = Debug|Any CPU
		{51431FEB-15F3-4D83-B0D1-637960D43F5B}.Debug|ARM.ActiveCfg = Debug|ARM
		{51431FEB-15F3-4D83-B0D1-637960D43F5B}.Debug|ARM.Build.0 = Debug|ARM
		{51431FEB-15F3-4D83-B0D1-637960D43F5B}.Debug|Mixed Platforms.ActiveCfg = Debug|x86
		{51431FEB-15F3-4D83-B0D1-637960D43F5B}.Debug|Mixed Platforms.Build.0 = Debug|x86
		{51431FEB-15F3-4D83-B0D1-637960D43F5B}.Debug|Win32.ActiveCfg = Debug|x86
		{51431FEB-15F3-4D83-B0D1-637960D43F5B}.Debug|Win32.Build.0 = Debug|x86
		{51431FEB-15F3-4D83-B0D1-637960D43F5B}.Debug|x64.ActiveCfg = Debug|x64
		{51431FEB-15F3-4D83-B0D1-637960D43F5B}.Debug|x64.Build.0 = Debug|x64
		{51431FEB-15F3-4D83-B0D1-637960D43F5B}.Debug|x86.ActiveCfg = Debug|x86
		{51431FEB-15F3-4D83-B0D1-637960D43F5B}.Debug|x86.Build.0 = Debug|x86
		{51431FEB-15F3-4D83-B0D1-637960D43F5B}.Release|Any CPU.ActiveCfg = Release|Any CPU
		{51431FEB-15F3-4D83-B0D1-637960D43F5B}.Release|ARM.ActiveCfg = Release|ARM
		{51431FEB-15F3-4D83-B0D1-637960D43F5B}.Release|ARM.Build.0 = Release|ARM
		{51431FEB-15F3-4D83-B0D1-637960D43F5B}.Release|Mixed Platforms.ActiveCfg = Release|x86
		{51431FEB-15F3-4D83-B0D1-637960D43F5B}.Release|Mixed Platforms.Build.0 = Release|x86
		{51431FEB-15F3-4D83-B0D1-637960D43F5B}.Release|Win32.ActiveCfg = Release|x86
		{51431FEB-15F3-4D83-B0D1-637960D43F5B}.Release|Win32.Build.0 = Release|x86
		{51431FEB-15F3-4D83-B0D1-637960D43F5B}.Release|x64.ActiveCfg = Release|x64
		{51431FEB-15F3-4D83-B0D1-637960D43F5B}.Release|x64.Build.0 = Release|x64
		{51431FEB-15F3-4D83-B0D1-637960D43F5B}.Release|x86.ActiveCfg = Release|x86
		{51431FEB-15F3-4D83-B0D1-637960D43F5B}.Release|x86.Build.0 = Release|x86
		{4BFE2AA3-C00A-46E4-8A8C-42A8B03FBE7A}.Debug|Any CPU.ActiveCfg = Debug|Any CPU
		{4BFE2AA3-C00A-46E4-8A8C-42A8B03FBE7A}.Debug|ARM.ActiveCfg = Debug|ARM
		{4BFE2AA3-C00A-46E4-8A8C-42A8B03FBE7A}.Debug|ARM.Build.0 = Debug|ARM
		{4BFE2AA3-C00A-46E4-8A8C-42A8B03FBE7A}.Debug|Mixed Platforms.ActiveCfg = Debug|x86
		{4BFE2AA3-C00A-46E4-8A8C-42A8B03FBE7A}.Debug|Mixed Platforms.Build.0 = Debug|x86
		{4BFE2AA3-C00A-46E4-8A8C-42A8B03FBE7A}.Debug|Win32.ActiveCfg = Debug|x86
		{4BFE2AA3-C00A-46E4-8A8C-42A8B03FBE7A}.Debug|Win32.Build.0 = Debug|x86
		{4BFE2AA3-C00A-46E4-8A8C-42A8B03FBE7A}.Debug|x64.ActiveCfg = Debug|Any CPU
		{4BFE2AA3-C00A-46E4-8A8C-42A8B03FBE7A}.Debug|x86.ActiveCfg = Debug|x86
		{4BFE2AA3-C00A-46E4-8A8C-42A8B03FBE7A}.Debug|x86.Build.0 = Debug|x86
		{4BFE2AA3-C00A-46E4-8A8C-42A8B03FBE7A}.Release|Any CPU.ActiveCfg = Release|Any CPU
		{4BFE2AA3-C00A-46E4-8A8C-42A8B03FBE7A}.Release|ARM.ActiveCfg = Release|ARM
		{4BFE2AA3-C00A-46E4-8A8C-42A8B03FBE7A}.Release|ARM.Build.0 = Release|ARM
		{4BFE2AA3-C00A-46E4-8A8C-42A8B03FBE7A}.Release|Mixed Platforms.ActiveCfg = Release|x86
		{4BFE2AA3-C00A-46E4-8A8C-42A8B03FBE7A}.Release|Mixed Platforms.Build.0 = Release|x86
		{4BFE2AA3-C00A-46E4-8A8C-42A8B03FBE7A}.Release|Win32.ActiveCfg = Release|x86
		{4BFE2AA3-C00A-46E4-8A8C-42A8B03FBE7A}.Release|Win32.Build.0 = Release|x86
		{4BFE2AA3-C00A-46E4-8A8C-42A8B03FBE7A}.Release|x64.ActiveCfg = Release|Any CPU
		{4BFE2AA3-C00A-46E4-8A8C-42A8B03FBE7A}.Release|x86.ActiveCfg = Release|x86
		{4BFE2AA3-C00A-46E4-8A8C-42A8B03FBE7A}.Release|x86.Build.0 = Release|x86
		{9E026F6E-E995-4784-BF5F-A3C26CD5F756}.Debug|Any CPU.ActiveCfg = Debug|Win32
		{9E026F6E-E995-4784-BF5F-A3C26CD5F756}.Debug|ARM.ActiveCfg = Debug|ARM
		{9E026F6E-E995-4784-BF5F-A3C26CD5F756}.Debug|ARM.Build.0 = Debug|ARM
		{9E026F6E-E995-4784-BF5F-A3C26CD5F756}.Debug|Mixed Platforms.ActiveCfg = Debug|Win32
		{9E026F6E-E995-4784-BF5F-A3C26CD5F756}.Debug|Mixed Platforms.Build.0 = Debug|Win32
		{9E026F6E-E995-4784-BF5F-A3C26CD5F756}.Debug|Win32.ActiveCfg = Debug|Win32
		{9E026F6E-E995-4784-BF5F-A3C26CD5F756}.Debug|Win32.Build.0 = Debug|Win32
		{9E026F6E-E995-4784-BF5F-A3C26CD5F756}.Debug|x64.ActiveCfg = Debug|x64
		{9E026F6E-E995-4784-BF5F-A3C26CD5F756}.Debug|x64.Build.0 = Debug|x64
		{9E026F6E-E995-4784-BF5F-A3C26CD5F756}.Debug|x86.ActiveCfg = Debug|Win32
		{9E026F6E-E995-4784-BF5F-A3C26CD5F756}.Debug|x86.Build.0 = Debug|Win32
		{9E026F6E-E995-4784-BF5F-A3C26CD5F756}.Release|Any CPU.ActiveCfg = Release|Win32
		{9E026F6E-E995-4784-BF5F-A3C26CD5F756}.Release|ARM.ActiveCfg = Release|ARM
		{9E026F6E-E995-4784-BF5F-A3C26CD5F756}.Release|ARM.Build.0 = Release|ARM
		{9E026F6E-E995-4784-BF5F-A3C26CD5F756}.Release|Mixed Platforms.ActiveCfg = Release|Win32
		{9E026F6E-E995-4784-BF5F-A3C26CD5F756}.Release|Mixed Platforms.Build.0 = Release|Win32
		{9E026F6E-E995-4784-BF5F-A3C26CD5F756}.Release|Win32.ActiveCfg = Release|Win32
		{9E026F6E-E995-4784-BF5F-A3C26CD5F756}.Release|Win32.Build.0 = Release|Win32
		{9E026F6E-E995-4784-BF5F-A3C26CD5F756}.Release|x64.ActiveCfg = Release|x64
		{9E026F6E-E995-4784-BF5F-A3C26CD5F756}.Release|x64.Build.0 = Release|x64
		{9E026F6E-E995-4784-BF5F-A3C26CD5F756}.Release|x86.ActiveCfg = Release|Win32
		{9E026F6E-E995-4784-BF5F-A3C26CD5F756}.Release|x86.Build.0 = Release|Win32
		{42DACBE7-EF52-40F0-B9F1-7D68B0B5A5B6}.Debug|Any CPU.ActiveCfg = Debug|Win32
		{42DACBE7-EF52-40F0-B9F1-7D68B0B5A5B6}.Debug|ARM.ActiveCfg = Debug|ARM
		{42DACBE7-EF52-40F0-B9F1-7D68B0B5A5B6}.Debug|ARM.Build.0 = Debug|ARM
		{42DACBE7-EF52-40F0-B9F1-7D68B0B5A5B6}.Debug|Mixed Platforms.ActiveCfg = Debug|Win32
		{42DACBE7-EF52-40F0-B9F1-7D68B0B5A5B6}.Debug|Mixed Platforms.Build.0 = Debug|Win32
		{42DACBE7-EF52-40F0-B9F1-7D68B0B5A5B6}.Debug|Win32.ActiveCfg = Debug|Win32
		{42DACBE7-EF52-40F0-B9F1-7D68B0B5A5B6}.Debug|Win32.Build.0 = Debug|Win32
		{42DACBE7-EF52-40F0-B9F1-7D68B0B5A5B6}.Debug|x64.ActiveCfg = Debug|Win32
		{42DACBE7-EF52-40F0-B9F1-7D68B0B5A5B6}.Debug|x86.ActiveCfg = Debug|Win32
		{42DACBE7-EF52-40F0-B9F1-7D68B0B5A5B6}.Debug|x86.Build.0 = Debug|Win32
		{42DACBE7-EF52-40F0-B9F1-7D68B0B5A5B6}.Release|Any CPU.ActiveCfg = Release|Win32
		{42DACBE7-EF52-40F0-B9F1-7D68B0B5A5B6}.Release|ARM.ActiveCfg = Release|ARM
		{42DACBE7-EF52-40F0-B9F1-7D68B0B5A5B6}.Release|ARM.Build.0 = Release|ARM
		{42DACBE7-EF52-40F0-B9F1-7D68B0B5A5B6}.Release|Mixed Platforms.ActiveCfg = Release|Win32
		{42DACBE7-EF52-40F0-B9F1-7D68B0B5A5B6}.Release|Mixed Platforms.Build.0 = Release|Win32
		{42DACBE7-EF52-40F0-B9F1-7D68B0B5A5B6}.Release|Win32.ActiveCfg = Release|Win32
		{42DACBE7-EF52-40F0-B9F1-7D68B0B5A5B6}.Release|Win32.Build.0 = Release|Win32
		{42DACBE7-EF52-40F0-B9F1-7D68B0B5A5B6}.Release|x64.ActiveCfg = Release|Win32
		{42DACBE7-EF52-40F0-B9F1-7D68B0B5A5B6}.Release|x86.ActiveCfg = Release|Win32
		{42DACBE7-EF52-40F0-B9F1-7D68B0B5A5B6}.Release|x86.Build.0 = Release|Win32
		{81365971-A818-431B-B3C3-081257905169}.Debug|Any CPU.ActiveCfg = Debug|Any CPU
		{81365971-A818-431B-B3C3-081257905169}.Debug|ARM.ActiveCfg = Debug|ARM
		{81365971-A818-431B-B3C3-081257905169}.Debug|ARM.Build.0 = Debug|ARM
		{81365971-A818-431B-B3C3-081257905169}.Debug|Mixed Platforms.ActiveCfg = Debug|x86
		{81365971-A818-431B-B3C3-081257905169}.Debug|Mixed Platforms.Build.0 = Debug|x86
		{81365971-A818-431B-B3C3-081257905169}.Debug|Win32.ActiveCfg = Debug|x86
		{81365971-A818-431B-B3C3-081257905169}.Debug|Win32.Build.0 = Debug|x86
		{81365971-A818-431B-B3C3-081257905169}.Debug|x64.ActiveCfg = Debug|x64
		{81365971-A818-431B-B3C3-081257905169}.Debug|x64.Build.0 = Debug|x64
		{81365971-A818-431B-B3C3-081257905169}.Debug|x86.ActiveCfg = Debug|x86
		{81365971-A818-431B-B3C3-081257905169}.Debug|x86.Build.0 = Debug|x86
		{81365971-A818-431B-B3C3-081257905169}.Release|Any CPU.ActiveCfg = Release|Any CPU
		{81365971-A818-431B-B3C3-081257905169}.Release|ARM.ActiveCfg = Release|ARM
		{81365971-A818-431B-B3C3-081257905169}.Release|ARM.Build.0 = Release|ARM
		{81365971-A818-431B-B3C3-081257905169}.Release|Mixed Platforms.ActiveCfg = Release|x86
		{81365971-A818-431B-B3C3-081257905169}.Release|Mixed Platforms.Build.0 = Release|x86
		{81365971-A818-431B-B3C3-081257905169}.Release|Win32.ActiveCfg = Release|x86
		{81365971-A818-431B-B3C3-081257905169}.Release|Win32.Build.0 = Release|x86
		{81365971-A818-431B-B3C3-081257905169}.Release|x64.ActiveCfg = Release|x64
		{81365971-A818-431B-B3C3-081257905169}.Release|x64.Build.0 = Release|x64
		{81365971-A818-431B-B3C3-081257905169}.Release|x86.ActiveCfg = Release|x86
		{81365971-A818-431B-B3C3-081257905169}.Release|x86.Build.0 = Release|x86
		{0FD69A8E-2B16-4475-99A8-B97BDFA5A68C}.Debug|Any CPU.ActiveCfg = Debug|Any CPU
		{0FD69A8E-2B16-4475-99A8-B97BDFA5A68C}.Debug|ARM.ActiveCfg = Debug|ARM
		{0FD69A8E-2B16-4475-99A8-B97BDFA5A68C}.Debug|ARM.Build.0 = Debug|ARM
		{0FD69A8E-2B16-4475-99A8-B97BDFA5A68C}.Debug|Mixed Platforms.ActiveCfg = Debug|x86
		{0FD69A8E-2B16-4475-99A8-B97BDFA5A68C}.Debug|Mixed Platforms.Build.0 = Debug|x86
		{0FD69A8E-2B16-4475-99A8-B97BDFA5A68C}.Debug|Win32.ActiveCfg = Debug|x86
		{0FD69A8E-2B16-4475-99A8-B97BDFA5A68C}.Debug|Win32.Build.0 = Debug|x86
		{0FD69A8E-2B16-4475-99A8-B97BDFA5A68C}.Debug|x64.ActiveCfg = Debug|Any CPU
		{0FD69A8E-2B16-4475-99A8-B97BDFA5A68C}.Debug|x86.ActiveCfg = Debug|x86
		{0FD69A8E-2B16-4475-99A8-B97BDFA5A68C}.Debug|x86.Build.0 = Debug|x86
		{0FD69A8E-2B16-4475-99A8-B97BDFA5A68C}.Release|Any CPU.ActiveCfg = Release|Any CPU
		{0FD69A8E-2B16-4475-99A8-B97BDFA5A68C}.Release|ARM.ActiveCfg = Release|ARM
		{0FD69A8E-2B16-4475-99A8-B97BDFA5A68C}.Release|ARM.Build.0 = Release|ARM
		{0FD69A8E-2B16-4475-99A8-B97BDFA5A68C}.Release|Mixed Platforms.ActiveCfg = Release|x86
		{0FD69A8E-2B16-4475-99A8-B97BDFA5A68C}.Release|Mixed Platforms.Build.0 = Release|x86
		{0FD69A8E-2B16-4475-99A8-B97BDFA5A68C}.Release|Win32.ActiveCfg = Release|x86
		{0FD69A8E-2B16-4475-99A8-B97BDFA5A68C}.Release|Win32.Build.0 = Release|x86
		{0FD69A8E-2B16-4475-99A8-B97BDFA5A68C}.Release|x64.ActiveCfg = Release|Any CPU
		{0FD69A8E-2B16-4475-99A8-B97BDFA5A68C}.Release|x86.ActiveCfg = Release|x86
		{0FD69A8E-2B16-4475-99A8-B97BDFA5A68C}.Release|x86.Build.0 = Release|x86
		{885438E7-A5B6-4EB5-8190-F3C3321B7201}.Debug|Any CPU.ActiveCfg = Debug|Any CPU
		{885438E7-A5B6-4EB5-8190-F3C3321B7201}.Debug|ARM.ActiveCfg = Debug|ARM
		{885438E7-A5B6-4EB5-8190-F3C3321B7201}.Debug|ARM.Build.0 = Debug|ARM
		{885438E7-A5B6-4EB5-8190-F3C3321B7201}.Debug|Mixed Platforms.ActiveCfg = Debug|x86
		{885438E7-A5B6-4EB5-8190-F3C3321B7201}.Debug|Mixed Platforms.Build.0 = Debug|x86
		{885438E7-A5B6-4EB5-8190-F3C3321B7201}.Debug|Win32.ActiveCfg = Debug|x86
		{885438E7-A5B6-4EB5-8190-F3C3321B7201}.Debug|Win32.Build.0 = Debug|x86
		{885438E7-A5B6-4EB5-8190-F3C3321B7201}.Debug|x64.ActiveCfg = Debug|x64
		{885438E7-A5B6-4EB5-8190-F3C3321B7201}.Debug|x64.Build.0 = Debug|x64
		{885438E7-A5B6-4EB5-8190-F3C3321B7201}.Debug|x86.ActiveCfg = Debug|x86
		{885438E7-A5B6-4EB5-8190-F3C3321B7201}.Debug|x86.Build.0 = Debug|x86
		{885438E7-A5B6-4EB5-8190-F3C3321B7201}.Release|Any CPU.ActiveCfg = Release|Any CPU
		{885438E7-A5B6-4EB5-8190-F3C3321B7201}.Release|ARM.ActiveCfg = Release|ARM
		{885438E7-A5B6-4EB5-8190-F3C3321B7201}.Release|ARM.Build.0 = Release|ARM
		{885438E7-A5B6-4EB5-8190-F3C3321B7201}.Release|Mixed Platforms.ActiveCfg = Release|x86
		{885438E7-A5B6-4EB5-8190-F3C3321B7201}.Release|Mixed Platforms.Build.0 = Release|x86
		{885438E7-A5B6-4EB5-8190-F3C3321B7201}.Release|Win32.ActiveCfg = Release|x86
		{885438E7-A5B6-4EB5-8190-F3C3321B7201}.Release|Win32.Build.0 = Release|x86
		{885438E7-A5B6-4EB5-8190-F3C3321B7201}.Release|x64.ActiveCfg = Release|x64
		{885438E7-A5B6-4EB5-8190-F3C3321B7201}.Release|x64.Build.0 = Release|x64
		{885438E7-A5B6-4EB5-8190-F3C3321B7201}.Release|x86.ActiveCfg = Release|x86
		{885438E7-A5B6-4EB5-8190-F3C3321B7201}.Release|x86.Build.0 = Release|x86
		{FA003D4D-DE66-429E-9A9C-F5BC1E15F28C}.Debug|Any CPU.ActiveCfg = Debug|Any CPU
		{FA003D4D-DE66-429E-9A9C-F5BC1E15F28C}.Debug|ARM.ActiveCfg = Debug|ARM
		{FA003D4D-DE66-429E-9A9C-F5BC1E15F28C}.Debug|ARM.Build.0 = Debug|ARM
		{FA003D4D-DE66-429E-9A9C-F5BC1E15F28C}.Debug|Mixed Platforms.ActiveCfg = Debug|x86
		{FA003D4D-DE66-429E-9A9C-F5BC1E15F28C}.Debug|Mixed Platforms.Build.0 = Debug|x86
		{FA003D4D-DE66-429E-9A9C-F5BC1E15F28C}.Debug|Win32.ActiveCfg = Debug|x86
		{FA003D4D-DE66-429E-9A9C-F5BC1E15F28C}.Debug|Win32.Build.0 = Debug|x86
		{FA003D4D-DE66-429E-9A9C-F5BC1E15F28C}.Debug|x64.ActiveCfg = Debug|Any CPU
		{FA003D4D-DE66-429E-9A9C-F5BC1E15F28C}.Debug|x86.ActiveCfg = Debug|x86
		{FA003D4D-DE66-429E-9A9C-F5BC1E15F28C}.Debug|x86.Build.0 = Debug|x86
		{FA003D4D-DE66-429E-9A9C-F5BC1E15F28C}.Release|Any CPU.ActiveCfg = Release|Any CPU
		{FA003D4D-DE66-429E-9A9C-F5BC1E15F28C}.Release|ARM.ActiveCfg = Release|ARM
		{FA003D4D-DE66-429E-9A9C-F5BC1E15F28C}.Release|ARM.Build.0 = Release|ARM
		{FA003D4D-DE66-429E-9A9C-F5BC1E15F28C}.Release|Mixed Platforms.ActiveCfg = Release|x86
		{FA003D4D-DE66-429E-9A9C-F5BC1E15F28C}.Release|Mixed Platforms.Build.0 = Release|x86
		{FA003D4D-DE66-429E-9A9C-F5BC1E15F28C}.Release|Win32.ActiveCfg = Release|x86
		{FA003D4D-DE66-429E-9A9C-F5BC1E15F28C}.Release|Win32.Build.0 = Release|x86
		{FA003D4D-DE66-429E-9A9C-F5BC1E15F28C}.Release|x64.ActiveCfg = Release|Any CPU
		{FA003D4D-DE66-429E-9A9C-F5BC1E15F28C}.Release|x86.ActiveCfg = Release|x86
		{FA003D4D-DE66-429E-9A9C-F5BC1E15F28C}.Release|x86.Build.0 = Release|x86
		{82786291-09EC-4DD8-9D61-C73F0ED7A9F5}.Debug|Any CPU.ActiveCfg = Debug|Any CPU
		{82786291-09EC-4DD8-9D61-C73F0ED7A9F5}.Debug|Any CPU.Build.0 = Debug|Any CPU
		{82786291-09EC-4DD8-9D61-C73F0ED7A9F5}.Debug|ARM.ActiveCfg = Debug|Any CPU
		{82786291-09EC-4DD8-9D61-C73F0ED7A9F5}.Debug|ARM.Build.0 = Debug|Any CPU
		{82786291-09EC-4DD8-9D61-C73F0ED7A9F5}.Debug|Mixed Platforms.ActiveCfg = Debug|Any CPU
		{82786291-09EC-4DD8-9D61-C73F0ED7A9F5}.Debug|Mixed Platforms.Build.0 = Debug|Any CPU
		{82786291-09EC-4DD8-9D61-C73F0ED7A9F5}.Debug|Win32.ActiveCfg = Debug|Any CPU
		{82786291-09EC-4DD8-9D61-C73F0ED7A9F5}.Debug|Win32.Build.0 = Debug|Any CPU
		{82786291-09EC-4DD8-9D61-C73F0ED7A9F5}.Debug|x64.ActiveCfg = Debug|Any CPU
		{82786291-09EC-4DD8-9D61-C73F0ED7A9F5}.Debug|x64.Build.0 = Debug|Any CPU
		{82786291-09EC-4DD8-9D61-C73F0ED7A9F5}.Debug|x86.ActiveCfg = Debug|Any CPU
		{82786291-09EC-4DD8-9D61-C73F0ED7A9F5}.Debug|x86.Build.0 = Debug|Any CPU
		{82786291-09EC-4DD8-9D61-C73F0ED7A9F5}.Release|Any CPU.ActiveCfg = Release|Any CPU
		{82786291-09EC-4DD8-9D61-C73F0ED7A9F5}.Release|Any CPU.Build.0 = Release|Any CPU
		{82786291-09EC-4DD8-9D61-C73F0ED7A9F5}.Release|ARM.ActiveCfg = Release|Any CPU
		{82786291-09EC-4DD8-9D61-C73F0ED7A9F5}.Release|ARM.Build.0 = Release|Any CPU
		{82786291-09EC-4DD8-9D61-C73F0ED7A9F5}.Release|Mixed Platforms.ActiveCfg = Release|Any CPU
		{82786291-09EC-4DD8-9D61-C73F0ED7A9F5}.Release|Mixed Platforms.Build.0 = Release|Any CPU
		{82786291-09EC-4DD8-9D61-C73F0ED7A9F5}.Release|Win32.ActiveCfg = Release|Any CPU
		{82786291-09EC-4DD8-9D61-C73F0ED7A9F5}.Release|Win32.Build.0 = Release|Any CPU
		{82786291-09EC-4DD8-9D61-C73F0ED7A9F5}.Release|x64.ActiveCfg = Release|Any CPU
		{82786291-09EC-4DD8-9D61-C73F0ED7A9F5}.Release|x64.Build.0 = Release|Any CPU
		{82786291-09EC-4DD8-9D61-C73F0ED7A9F5}.Release|x86.ActiveCfg = Release|Any CPU
		{82786291-09EC-4DD8-9D61-C73F0ED7A9F5}.Release|x86.Build.0 = Release|Any CPU
		{89351DCA-0179-4E15-91BF-987613CA91C0}.Debug|Any CPU.ActiveCfg = Debug|Any CPU
		{89351DCA-0179-4E15-91BF-987613CA91C0}.Debug|Any CPU.Build.0 = Debug|Any CPU
		{89351DCA-0179-4E15-91BF-987613CA91C0}.Debug|ARM.ActiveCfg = Debug|Any CPU
		{89351DCA-0179-4E15-91BF-987613CA91C0}.Debug|Mixed Platforms.ActiveCfg = Debug|Any CPU
		{89351DCA-0179-4E15-91BF-987613CA91C0}.Debug|Mixed Platforms.Build.0 = Debug|Any CPU
		{89351DCA-0179-4E15-91BF-987613CA91C0}.Debug|Win32.ActiveCfg = Debug|Any CPU
		{89351DCA-0179-4E15-91BF-987613CA91C0}.Debug|x64.ActiveCfg = Debug|x64
		{89351DCA-0179-4E15-91BF-987613CA91C0}.Debug|x64.Build.0 = Debug|x64
		{89351DCA-0179-4E15-91BF-987613CA91C0}.Debug|x86.ActiveCfg = Debug|Any CPU
		{89351DCA-0179-4E15-91BF-987613CA91C0}.Release|Any CPU.ActiveCfg = Release|Any CPU
		{89351DCA-0179-4E15-91BF-987613CA91C0}.Release|Any CPU.Build.0 = Release|Any CPU
		{89351DCA-0179-4E15-91BF-987613CA91C0}.Release|ARM.ActiveCfg = Release|Any CPU
		{89351DCA-0179-4E15-91BF-987613CA91C0}.Release|Mixed Platforms.ActiveCfg = Release|Any CPU
		{89351DCA-0179-4E15-91BF-987613CA91C0}.Release|Mixed Platforms.Build.0 = Release|Any CPU
		{89351DCA-0179-4E15-91BF-987613CA91C0}.Release|Win32.ActiveCfg = Release|Any CPU
		{89351DCA-0179-4E15-91BF-987613CA91C0}.Release|x64.ActiveCfg = Release|x64
		{89351DCA-0179-4E15-91BF-987613CA91C0}.Release|x64.Build.0 = Release|x64
		{89351DCA-0179-4E15-91BF-987613CA91C0}.Release|x86.ActiveCfg = Release|Any CPU
		{6708F882-E7B9-4FE5-9A19-78A466C45F32}.Debug|Any CPU.ActiveCfg = Debug|Any CPU
		{6708F882-E7B9-4FE5-9A19-78A466C45F32}.Debug|Any CPU.Build.0 = Debug|Any CPU
		{6708F882-E7B9-4FE5-9A19-78A466C45F32}.Debug|ARM.ActiveCfg = Debug|Any CPU
		{6708F882-E7B9-4FE5-9A19-78A466C45F32}.Debug|Mixed Platforms.ActiveCfg = Debug|Any CPU
		{6708F882-E7B9-4FE5-9A19-78A466C45F32}.Debug|Mixed Platforms.Build.0 = Debug|Any CPU
		{6708F882-E7B9-4FE5-9A19-78A466C45F32}.Debug|Win32.ActiveCfg = Debug|Any CPU
		{6708F882-E7B9-4FE5-9A19-78A466C45F32}.Debug|x64.ActiveCfg = Debug|x64
		{6708F882-E7B9-4FE5-9A19-78A466C45F32}.Debug|x64.Build.0 = Debug|x64
		{6708F882-E7B9-4FE5-9A19-78A466C45F32}.Debug|x86.ActiveCfg = Debug|Any CPU
		{6708F882-E7B9-4FE5-9A19-78A466C45F32}.Release|Any CPU.ActiveCfg = Release|Any CPU
		{6708F882-E7B9-4FE5-9A19-78A466C45F32}.Release|Any CPU.Build.0 = Release|Any CPU
		{6708F882-E7B9-4FE5-9A19-78A466C45F32}.Release|ARM.ActiveCfg = Release|Any CPU
		{6708F882-E7B9-4FE5-9A19-78A466C45F32}.Release|Mixed Platforms.ActiveCfg = Release|Any CPU
		{6708F882-E7B9-4FE5-9A19-78A466C45F32}.Release|Mixed Platforms.Build.0 = Release|Any CPU
		{6708F882-E7B9-4FE5-9A19-78A466C45F32}.Release|Win32.ActiveCfg = Release|Any CPU
		{6708F882-E7B9-4FE5-9A19-78A466C45F32}.Release|x64.ActiveCfg = Release|x64
		{6708F882-E7B9-4FE5-9A19-78A466C45F32}.Release|x64.Build.0 = Release|x64
		{6708F882-E7B9-4FE5-9A19-78A466C45F32}.Release|x86.ActiveCfg = Release|Any CPU
		{27C06ADA-2225-44F3-950B-7529CBE21303}.Debug|Any CPU.ActiveCfg = Debug|Any CPU
		{27C06ADA-2225-44F3-950B-7529CBE21303}.Debug|Any CPU.Build.0 = Debug|Any CPU
		{27C06ADA-2225-44F3-950B-7529CBE21303}.Debug|ARM.ActiveCfg = Debug|Any CPU
		{27C06ADA-2225-44F3-950B-7529CBE21303}.Debug|Mixed Platforms.ActiveCfg = Debug|Any CPU
		{27C06ADA-2225-44F3-950B-7529CBE21303}.Debug|Mixed Platforms.Build.0 = Debug|Any CPU
		{27C06ADA-2225-44F3-950B-7529CBE21303}.Debug|Win32.ActiveCfg = Debug|Any CPU
		{27C06ADA-2225-44F3-950B-7529CBE21303}.Debug|x64.ActiveCfg = Debug|x64
		{27C06ADA-2225-44F3-950B-7529CBE21303}.Debug|x64.Build.0 = Debug|x64
		{27C06ADA-2225-44F3-950B-7529CBE21303}.Debug|x86.ActiveCfg = Debug|Any CPU
		{27C06ADA-2225-44F3-950B-7529CBE21303}.Release|Any CPU.ActiveCfg = Release|Any CPU
		{27C06ADA-2225-44F3-950B-7529CBE21303}.Release|Any CPU.Build.0 = Release|Any CPU
		{27C06ADA-2225-44F3-950B-7529CBE21303}.Release|ARM.ActiveCfg = Release|Any CPU
		{27C06ADA-2225-44F3-950B-7529CBE21303}.Release|Mixed Platforms.ActiveCfg = Release|Any CPU
		{27C06ADA-2225-44F3-950B-7529CBE21303}.Release|Mixed Platforms.Build.0 = Release|Any CPU
		{27C06ADA-2225-44F3-950B-7529CBE21303}.Release|Win32.ActiveCfg = Release|Any CPU
		{27C06ADA-2225-44F3-950B-7529CBE21303}.Release|x64.ActiveCfg = Release|x64
		{27C06ADA-2225-44F3-950B-7529CBE21303}.Release|x64.Build.0 = Release|x64
		{27C06ADA-2225-44F3-950B-7529CBE21303}.Release|x86.ActiveCfg = Release|Any CPU
		{22394DE6-700B-4E76-AA17-15EBF39EA30A}.Debug|Any CPU.ActiveCfg = Debug|Any CPU
		{22394DE6-700B-4E76-AA17-15EBF39EA30A}.Debug|Any CPU.Build.0 = Debug|Any CPU
		{22394DE6-700B-4E76-AA17-15EBF39EA30A}.Debug|ARM.ActiveCfg = Debug|Any CPU
		{22394DE6-700B-4E76-AA17-15EBF39EA30A}.Debug|Mixed Platforms.ActiveCfg = Debug|Any CPU
		{22394DE6-700B-4E76-AA17-15EBF39EA30A}.Debug|Mixed Platforms.Build.0 = Debug|Any CPU
		{22394DE6-700B-4E76-AA17-15EBF39EA30A}.Debug|Win32.ActiveCfg = Debug|Any CPU
		{22394DE6-700B-4E76-AA17-15EBF39EA30A}.Debug|x64.ActiveCfg = Debug|x64
		{22394DE6-700B-4E76-AA17-15EBF39EA30A}.Debug|x64.Build.0 = Debug|x64
		{22394DE6-700B-4E76-AA17-15EBF39EA30A}.Debug|x86.ActiveCfg = Debug|Any CPU
		{22394DE6-700B-4E76-AA17-15EBF39EA30A}.Release|Any CPU.ActiveCfg = Release|Any CPU
		{22394DE6-700B-4E76-AA17-15EBF39EA30A}.Release|Any CPU.Build.0 = Release|Any CPU
		{22394DE6-700B-4E76-AA17-15EBF39EA30A}.Release|ARM.ActiveCfg = Release|Any CPU
		{22394DE6-700B-4E76-AA17-15EBF39EA30A}.Release|Mixed Platforms.ActiveCfg = Release|Any CPU
		{22394DE6-700B-4E76-AA17-15EBF39EA30A}.Release|Mixed Platforms.Build.0 = Release|Any CPU
		{22394DE6-700B-4E76-AA17-15EBF39EA30A}.Release|Win32.ActiveCfg = Release|Any CPU
		{22394DE6-700B-4E76-AA17-15EBF39EA30A}.Release|x64.ActiveCfg = Release|x64
		{22394DE6-700B-4E76-AA17-15EBF39EA30A}.Release|x64.Build.0 = Release|x64
		{22394DE6-700B-4E76-AA17-15EBF39EA30A}.Release|x86.ActiveCfg = Release|Any CPU
		{26C3D9A3-17A6-4D2C-BF5E-8C1950AA1DF2}.Debug|Any CPU.ActiveCfg = Debug|Any CPU
		{26C3D9A3-17A6-4D2C-BF5E-8C1950AA1DF2}.Debug|Any CPU.Build.0 = Debug|Any CPU
		{26C3D9A3-17A6-4D2C-BF5E-8C1950AA1DF2}.Debug|ARM.ActiveCfg = Debug|Any CPU
		{26C3D9A3-17A6-4D2C-BF5E-8C1950AA1DF2}.Debug|Mixed Platforms.ActiveCfg = Debug|Any CPU
		{26C3D9A3-17A6-4D2C-BF5E-8C1950AA1DF2}.Debug|Mixed Platforms.Build.0 = Debug|Any CPU
		{26C3D9A3-17A6-4D2C-BF5E-8C1950AA1DF2}.Debug|Win32.ActiveCfg = Debug|Any CPU
		{26C3D9A3-17A6-4D2C-BF5E-8C1950AA1DF2}.Debug|x64.ActiveCfg = Debug|x64
		{26C3D9A3-17A6-4D2C-BF5E-8C1950AA1DF2}.Debug|x64.Build.0 = Debug|x64
		{26C3D9A3-17A6-4D2C-BF5E-8C1950AA1DF2}.Debug|x86.ActiveCfg = Debug|Any CPU
		{26C3D9A3-17A6-4D2C-BF5E-8C1950AA1DF2}.Release|Any CPU.ActiveCfg = Release|Any CPU
		{26C3D9A3-17A6-4D2C-BF5E-8C1950AA1DF2}.Release|Any CPU.Build.0 = Release|Any CPU
		{26C3D9A3-17A6-4D2C-BF5E-8C1950AA1DF2}.Release|ARM.ActiveCfg = Release|Any CPU
		{26C3D9A3-17A6-4D2C-BF5E-8C1950AA1DF2}.Release|Mixed Platforms.ActiveCfg = Release|Any CPU
		{26C3D9A3-17A6-4D2C-BF5E-8C1950AA1DF2}.Release|Mixed Platforms.Build.0 = Release|Any CPU
		{26C3D9A3-17A6-4D2C-BF5E-8C1950AA1DF2}.Release|Win32.ActiveCfg = Release|Any CPU
		{26C3D9A3-17A6-4D2C-BF5E-8C1950AA1DF2}.Release|x64.ActiveCfg = Release|x64
		{26C3D9A3-17A6-4D2C-BF5E-8C1950AA1DF2}.Release|x64.Build.0 = Release|x64
		{26C3D9A3-17A6-4D2C-BF5E-8C1950AA1DF2}.Release|x86.ActiveCfg = Release|Any CPU
		{B6F5CC92-FF06-45FD-910E-D92BF0724DAF}.Debug|Any CPU.ActiveCfg = Debug|Any CPU
		{B6F5CC92-FF06-45FD-910E-D92BF0724DAF}.Debug|Any CPU.Build.0 = Debug|Any CPU
		{B6F5CC92-FF06-45FD-910E-D92BF0724DAF}.Debug|ARM.ActiveCfg = Debug|Any CPU
		{B6F5CC92-FF06-45FD-910E-D92BF0724DAF}.Debug|Mixed Platforms.ActiveCfg = Debug|Any CPU
		{B6F5CC92-FF06-45FD-910E-D92BF0724DAF}.Debug|Mixed Platforms.Build.0 = Debug|Any CPU
		{B6F5CC92-FF06-45FD-910E-D92BF0724DAF}.Debug|Win32.ActiveCfg = Debug|Any CPU
		{B6F5CC92-FF06-45FD-910E-D92BF0724DAF}.Debug|x64.ActiveCfg = Debug|x64
		{B6F5CC92-FF06-45FD-910E-D92BF0724DAF}.Debug|x64.Build.0 = Debug|x64
		{B6F5CC92-FF06-45FD-910E-D92BF0724DAF}.Debug|x86.ActiveCfg = Debug|Any CPU
		{B6F5CC92-FF06-45FD-910E-D92BF0724DAF}.Release|Any CPU.ActiveCfg = Release|Any CPU
		{B6F5CC92-FF06-45FD-910E-D92BF0724DAF}.Release|Any CPU.Build.0 = Release|Any CPU
		{B6F5CC92-FF06-45FD-910E-D92BF0724DAF}.Release|ARM.ActiveCfg = Release|Any CPU
		{B6F5CC92-FF06-45FD-910E-D92BF0724DAF}.Release|Mixed Platforms.ActiveCfg = Release|Any CPU
		{B6F5CC92-FF06-45FD-910E-D92BF0724DAF}.Release|Mixed Platforms.Build.0 = Release|Any CPU
		{B6F5CC92-FF06-45FD-910E-D92BF0724DAF}.Release|Win32.ActiveCfg = Release|Any CPU
		{B6F5CC92-FF06-45FD-910E-D92BF0724DAF}.Release|x64.ActiveCfg = Release|x64
		{B6F5CC92-FF06-45FD-910E-D92BF0724DAF}.Release|x64.Build.0 = Release|x64
		{B6F5CC92-FF06-45FD-910E-D92BF0724DAF}.Release|x86.ActiveCfg = Release|Any CPU
		{10957BFD-6540-4302-BC4F-8A24806069E9}.Debug|Any CPU.ActiveCfg = Debug|Any CPU
		{10957BFD-6540-4302-BC4F-8A24806069E9}.Debug|Any CPU.Build.0 = Debug|Any CPU
		{10957BFD-6540-4302-BC4F-8A24806069E9}.Debug|ARM.ActiveCfg = Debug|Any CPU
		{10957BFD-6540-4302-BC4F-8A24806069E9}.Debug|Mixed Platforms.ActiveCfg = Debug|Any CPU
		{10957BFD-6540-4302-BC4F-8A24806069E9}.Debug|Mixed Platforms.Build.0 = Debug|Any CPU
		{10957BFD-6540-4302-BC4F-8A24806069E9}.Debug|Win32.ActiveCfg = Debug|Any CPU
		{10957BFD-6540-4302-BC4F-8A24806069E9}.Debug|x64.ActiveCfg = Debug|x64
		{10957BFD-6540-4302-BC4F-8A24806069E9}.Debug|x64.Build.0 = Debug|x64
		{10957BFD-6540-4302-BC4F-8A24806069E9}.Debug|x86.ActiveCfg = Debug|Any CPU
		{10957BFD-6540-4302-BC4F-8A24806069E9}.Release|Any CPU.ActiveCfg = Release|Any CPU
		{10957BFD-6540-4302-BC4F-8A24806069E9}.Release|Any CPU.Build.0 = Release|Any CPU
		{10957BFD-6540-4302-BC4F-8A24806069E9}.Release|ARM.ActiveCfg = Release|Any CPU
		{10957BFD-6540-4302-BC4F-8A24806069E9}.Release|Mixed Platforms.ActiveCfg = Release|Any CPU
		{10957BFD-6540-4302-BC4F-8A24806069E9}.Release|Mixed Platforms.Build.0 = Release|Any CPU
		{10957BFD-6540-4302-BC4F-8A24806069E9}.Release|Win32.ActiveCfg = Release|Any CPU
		{10957BFD-6540-4302-BC4F-8A24806069E9}.Release|x64.ActiveCfg = Release|x64
		{10957BFD-6540-4302-BC4F-8A24806069E9}.Release|x64.Build.0 = Release|x64
		{10957BFD-6540-4302-BC4F-8A24806069E9}.Release|x86.ActiveCfg = Release|Any CPU
		{0B26EFB1-B9B0-43FF-A866-27FCA9660B14}.Debug|Any CPU.ActiveCfg = Debug|Any CPU
		{0B26EFB1-B9B0-43FF-A866-27FCA9660B14}.Debug|Any CPU.Build.0 = Debug|Any CPU
		{0B26EFB1-B9B0-43FF-A866-27FCA9660B14}.Debug|ARM.ActiveCfg = Debug|Any CPU
		{0B26EFB1-B9B0-43FF-A866-27FCA9660B14}.Debug|Mixed Platforms.ActiveCfg = Debug|Any CPU
		{0B26EFB1-B9B0-43FF-A866-27FCA9660B14}.Debug|Mixed Platforms.Build.0 = Debug|Any CPU
		{0B26EFB1-B9B0-43FF-A866-27FCA9660B14}.Debug|Win32.ActiveCfg = Debug|Any CPU
		{0B26EFB1-B9B0-43FF-A866-27FCA9660B14}.Debug|x64.ActiveCfg = Debug|x64
		{0B26EFB1-B9B0-43FF-A866-27FCA9660B14}.Debug|x64.Build.0 = Debug|x64
		{0B26EFB1-B9B0-43FF-A866-27FCA9660B14}.Debug|x86.ActiveCfg = Debug|Any CPU
		{0B26EFB1-B9B0-43FF-A866-27FCA9660B14}.Release|Any CPU.ActiveCfg = Release|Any CPU
		{0B26EFB1-B9B0-43FF-A866-27FCA9660B14}.Release|Any CPU.Build.0 = Release|Any CPU
		{0B26EFB1-B9B0-43FF-A866-27FCA9660B14}.Release|ARM.ActiveCfg = Release|Any CPU
		{0B26EFB1-B9B0-43FF-A866-27FCA9660B14}.Release|Mixed Platforms.ActiveCfg = Release|Any CPU
		{0B26EFB1-B9B0-43FF-A866-27FCA9660B14}.Release|Mixed Platforms.Build.0 = Release|Any CPU
		{0B26EFB1-B9B0-43FF-A866-27FCA9660B14}.Release|Win32.ActiveCfg = Release|Any CPU
		{0B26EFB1-B9B0-43FF-A866-27FCA9660B14}.Release|x64.ActiveCfg = Release|x64
		{0B26EFB1-B9B0-43FF-A866-27FCA9660B14}.Release|x64.Build.0 = Release|x64
		{0B26EFB1-B9B0-43FF-A866-27FCA9660B14}.Release|x86.ActiveCfg = Release|Any CPU
	EndGlobalSection
	GlobalSection(SolutionProperties) = preSolution
		HideSolutionNode = FALSE
	EndGlobalSection
	GlobalSection(NestedProjects) = preSolution
		{8724582C-E2DB-45C0-A95E-1388DA9F4B97} = {EB442BE7-AF01-4856-9BA9-BE69D518D6E1}
		{4607F193-2955-49F5-A3C4-FF0A94729F63} = {B98D66EC-AAC4-4F2E-83F0-4D6E0B2D8862}
		{8829A195-06AA-46CF-B150-82FAD4D2D9A6} = {B98D66EC-AAC4-4F2E-83F0-4D6E0B2D8862}
		{4AEC4363-B259-4F72-82A6-94736DA74B6B} = {B98D66EC-AAC4-4F2E-83F0-4D6E0B2D8862}
		{C0A93AD0-515C-44E9-BB0E-D408931A7E41} = {52FDEEB4-A72C-40D8-A40D-43D75663EED9}
		{F7D656A3-DA5C-484B-A05E-34BE6677DFA5} = {52FDEEB4-A72C-40D8-A40D-43D75663EED9}
		{51431FEB-15F3-4D83-B0D1-637960D43F5B} = {52FDEEB4-A72C-40D8-A40D-43D75663EED9}
		{4BFE2AA3-C00A-46E4-8A8C-42A8B03FBE7A} = {52FDEEB4-A72C-40D8-A40D-43D75663EED9}
		{BDBB5926-CB6D-48C7-A7BD-D2D40C10A069} = {8724582C-E2DB-45C0-A95E-1388DA9F4B97}
		{9E026F6E-E995-4784-BF5F-A3C26CD5F756} = {8724582C-E2DB-45C0-A95E-1388DA9F4B97}
		{42DACBE7-EF52-40F0-B9F1-7D68B0B5A5B6} = {8724582C-E2DB-45C0-A95E-1388DA9F4B97}
		{81365971-A818-431B-B3C3-081257905169} = {EB442BE7-AF01-4856-9BA9-BE69D518D6E1}
		{0FD69A8E-2B16-4475-99A8-B97BDFA5A68C} = {EB442BE7-AF01-4856-9BA9-BE69D518D6E1}
		{885438E7-A5B6-4EB5-8190-F3C3321B7201} = {EB442BE7-AF01-4856-9BA9-BE69D518D6E1}
		{FA003D4D-DE66-429E-9A9C-F5BC1E15F28C} = {EB442BE7-AF01-4856-9BA9-BE69D518D6E1}
		{82786291-09EC-4DD8-9D61-C73F0ED7A9F5} = {77F84F09-AD23-4E8C-BC31-8A72F89EB35C}
		{F60E2F39-8394-47A7-85EC-CB7DB7555BDC} = {77F84F09-AD23-4E8C-BC31-8A72F89EB35C}
		{A5D41FBC-E5DC-48BB-AC36-1397A2217CE4} = {77F84F09-AD23-4E8C-BC31-8A72F89EB35C}
		{89351DCA-0179-4E15-91BF-987613CA91C0} = {F60E2F39-8394-47A7-85EC-CB7DB7555BDC}
		{6708F882-E7B9-4FE5-9A19-78A466C45F32} = {F60E2F39-8394-47A7-85EC-CB7DB7555BDC}
		{27C06ADA-2225-44F3-950B-7529CBE21303} = {F60E2F39-8394-47A7-85EC-CB7DB7555BDC}
		{22394DE6-700B-4E76-AA17-15EBF39EA30A} = {F60E2F39-8394-47A7-85EC-CB7DB7555BDC}
		{26C3D9A3-17A6-4D2C-BF5E-8C1950AA1DF2} = {A5D41FBC-E5DC-48BB-AC36-1397A2217CE4}
		{B6F5CC92-FF06-45FD-910E-D92BF0724DAF} = {A5D41FBC-E5DC-48BB-AC36-1397A2217CE4}
		{10957BFD-6540-4302-BC4F-8A24806069E9} = {A5D41FBC-E5DC-48BB-AC36-1397A2217CE4}
		{0B26EFB1-B9B0-43FF-A866-27FCA9660B14} = {A5D41FBC-E5DC-48BB-AC36-1397A2217CE4}
	EndGlobalSection
EndGlobal
